// !$*UTF8*$!
{
	archiveVersion = 1;
	classes = {
	};
	objectVersion = 46;
	objects = {

/* Begin PBXBuildFile section */
		674EB7FD1E7BD00000C9F7B5 /* WifiViewController.m in Sources */ = {isa = PBXBuildFile; fileRef = 674EB7FB1E7BD00000C9F7B5 /* WifiViewController.m */; };
		674EB8001E7BD0C200C9F7B5 /* DMDropDownMenu.m in Sources */ = {isa = PBXBuildFile; fileRef = 674EB7FE1E7BD0C200C9F7B5 /* DMDropDownMenu.m */; };
		C72A5BA0D049F84F224BB5B1 /* libPods-LearnSummarize.a in Frameworks */ = {isa = PBXBuildFile; fileRef = 7B679F058D7266339C72B235 /* libPods-LearnSummarize.a */; };
		E2080BF11E68646000C23BF3 /* EmotionViewController.m in Sources */ = {isa = PBXBuildFile; fileRef = E2080BEE1E68646000C23BF3 /* EmotionViewController.m */; };
		E2080BF21E68646000C23BF3 /* EmotionViewController.xib in Resources */ = {isa = PBXBuildFile; fileRef = E2080BEF1E68646000C23BF3 /* EmotionViewController.xib */; };
		E2080BF81E6864D500C23BF3 /* SoftKeyViewController.m in Sources */ = {isa = PBXBuildFile; fileRef = E2080BF61E6864D500C23BF3 /* SoftKeyViewController.m */; };
		E2080BF91E6864D500C23BF3 /* SoftKeyViewController.xib in Resources */ = {isa = PBXBuildFile; fileRef = E2080BF71E6864D500C23BF3 /* SoftKeyViewController.xib */; };
		E2080C001E68703C00C23BF3 /* ScrollViewViewController.m in Sources */ = {isa = PBXBuildFile; fileRef = E2080BFE1E68703C00C23BF3 /* ScrollViewViewController.m */; };
		E2080C011E68703C00C23BF3 /* ScrollViewViewController.xib in Resources */ = {isa = PBXBuildFile; fileRef = E2080BFF1E68703C00C23BF3 /* ScrollViewViewController.xib */; };
		E21B215E1E6060C50076D2A6 /* UILabel+AttributedString.m in Sources */ = {isa = PBXBuildFile; fileRef = E21B215D1E6060C50076D2A6 /* UILabel+AttributedString.m */; };
		E2384ED61E531FF900E84671 /* CommonTextTableViewCell.m in Sources */ = {isa = PBXBuildFile; fileRef = E2384ED41E531FF900E84671 /* CommonTextTableViewCell.m */; };
		E2384ED71E531FF900E84671 /* CommonTextTableViewCell.xib in Resources */ = {isa = PBXBuildFile; fileRef = E2384ED51E531FF900E84671 /* CommonTextTableViewCell.xib */; };
		E2384ED91E53244F00E84671 /* ApplicationViewController.xib in Resources */ = {isa = PBXBuildFile; fileRef = E2384ED81E53244F00E84671 /* ApplicationViewController.xib */; };
		E2384EDD1E5329DA00E84671 /* MailViewController.m in Sources */ = {isa = PBXBuildFile; fileRef = E2384EDB1E5329DA00E84671 /* MailViewController.m */; };
		E2384EDE1E5329DA00E84671 /* MailViewController.xib in Resources */ = {isa = PBXBuildFile; fileRef = E2384EDC1E5329DA00E84671 /* MailViewController.xib */; };
		E24075131E21CEC100E9692A /* main.m in Sources */ = {isa = PBXBuildFile; fileRef = E24075121E21CEC100E9692A /* main.m */; };
		E24075161E21CEC100E9692A /* AppDelegate.m in Sources */ = {isa = PBXBuildFile; fileRef = E24075151E21CEC100E9692A /* AppDelegate.m */; };
		E240751E1E21CEC100E9692A /* Assets.xcassets in Resources */ = {isa = PBXBuildFile; fileRef = E240751D1E21CEC100E9692A /* Assets.xcassets */; };
		E240752C1E21CEC100E9692A /* LearnSummarizeTests.m in Sources */ = {isa = PBXBuildFile; fileRef = E240752B1E21CEC100E9692A /* LearnSummarizeTests.m */; };
		E24075371E21CEC100E9692A /* LearnSummarizeUITests.m in Sources */ = {isa = PBXBuildFile; fileRef = E24075361E21CEC100E9692A /* LearnSummarizeUITests.m */; };
		E24075491E21D33700E9692A /* LaunchScreen.storyboard in Resources */ = {isa = PBXBuildFile; fileRef = E24075451E21D33700E9692A /* LaunchScreen.storyboard */; };
		E24075591E21E5FD00E9692A /* SysUtil.m in Sources */ = {isa = PBXBuildFile; fileRef = E24075581E21E5FD00E9692A /* SysUtil.m */; };
		E240755F1E21E78600E9692A /* NSString+Common.m in Sources */ = {isa = PBXBuildFile; fileRef = E240755E1E21E78600E9692A /* NSString+Common.m */; };
		E24075621E21E9D900E9692A /* NSDate+Common.m in Sources */ = {isa = PBXBuildFile; fileRef = E24075611E21E9D900E9692A /* NSDate+Common.m */; };
		E240756D1E21FC7E00E9692A /* PageModel.m in Sources */ = {isa = PBXBuildFile; fileRef = E240756C1E21FC7E00E9692A /* PageModel.m */; };
		E24075711E22031000E9692A /* MessageUtil.m in Sources */ = {isa = PBXBuildFile; fileRef = E24075701E22031000E9692A /* MessageUtil.m */; };
		E24075741E22033400E9692A /* UIImage+Common.m in Sources */ = {isa = PBXBuildFile; fileRef = E24075731E22033400E9692A /* UIImage+Common.m */; };
		E24075831E220F9A00E9692A /* UIView+SDExtension.m in Sources */ = {isa = PBXBuildFile; fileRef = E24075821E220F9A00E9692A /* UIView+SDExtension.m */; };
		E24075861E2211B100E9692A /* UIBarButtonItem+Item.m in Sources */ = {isa = PBXBuildFile; fileRef = E24075851E2211B100E9692A /* UIBarButtonItem+Item.m */; };
		E24075891E2213DA00E9692A /* MainUtil.m in Sources */ = {isa = PBXBuildFile; fileRef = E24075881E2213DA00E9692A /* MainUtil.m */; };
		E24075961E2225A400E9692A /* JScrollView+PageControl+AutoScroll.m in Sources */ = {isa = PBXBuildFile; fileRef = E24075941E2225A400E9692A /* JScrollView+PageControl+AutoScroll.m */; };
		E240759F1E2231F500E9692A /* AccountTool.m in Sources */ = {isa = PBXBuildFile; fileRef = E240759E1E2231F500E9692A /* AccountTool.m */; };
		E24075A31E22326000E9692A /* BaseModel.m in Sources */ = {isa = PBXBuildFile; fileRef = E24075A21E22326000E9692A /* BaseModel.m */; };
		E24075A61E22329A00E9692A /* LoginModel.m in Sources */ = {isa = PBXBuildFile; fileRef = E24075A51E22329A00E9692A /* LoginModel.m */; };
		E24075A91E2232F600E9692A /* SaveArray.m in Sources */ = {isa = PBXBuildFile; fileRef = E24075A81E2232F600E9692A /* SaveArray.m */; };
		E24075AF1E22355500E9692A /* UIView+Extensions.m in Sources */ = {isa = PBXBuildFile; fileRef = E24075AE1E22355500E9692A /* UIView+Extensions.m */; };
		E24075B71E223EC400E9692A /* ScrollAdView.m in Sources */ = {isa = PBXBuildFile; fileRef = E24075B61E223EC400E9692A /* ScrollAdView.m */; };
		E24075BD1E2241F600E9692A /* UIImageView+Common.m in Sources */ = {isa = PBXBuildFile; fileRef = E24075BC1E2241F600E9692A /* UIImageView+Common.m */; };
		E24075C71E22674500E9692A /* LTSBaseAlertView.m in Sources */ = {isa = PBXBuildFile; fileRef = E24075C41E22674500E9692A /* LTSBaseAlertView.m */; };
		E24075C81E22674500E9692A /* LTSDateChoose.m in Sources */ = {isa = PBXBuildFile; fileRef = E24075C61E22674500E9692A /* LTSDateChoose.m */; };
		E247F7A71E5B0258004D866F /* ShellViewController.m in Sources */ = {isa = PBXBuildFile; fileRef = E247F7A51E5B0258004D866F /* ShellViewController.m */; };
		E247F7A81E5B0258004D866F /* ShellViewController.xib in Resources */ = {isa = PBXBuildFile; fileRef = E247F7A61E5B0258004D866F /* ShellViewController.xib */; };
		E2588F881E61721500B55ADC /* SDWebImageViewController.m in Sources */ = {isa = PBXBuildFile; fileRef = E2588F861E61721500B55ADC /* SDWebImageViewController.m */; };
		E2588F8D1E61746900B55ADC /* ParticleEmitterViewController.m in Sources */ = {isa = PBXBuildFile; fileRef = E2588F8B1E61746900B55ADC /* ParticleEmitterViewController.m */; };
		E2588F8E1E61746900B55ADC /* ParticleEmitterViewController.xib in Resources */ = {isa = PBXBuildFile; fileRef = E2588F8C1E61746900B55ADC /* ParticleEmitterViewController.xib */; };
		E2588F921E6174A200B55ADC /* DWParticleEmitter.m in Sources */ = {isa = PBXBuildFile; fileRef = E2588F911E6174A200B55ADC /* DWParticleEmitter.m */; };
		E2588F941E61753900B55ADC /* yuandanr.png in Resources */ = {isa = PBXBuildFile; fileRef = E2588F931E61753900B55ADC /* yuandanr.png */; };
		E2588F971E617F7C00B55ADC /* ImageModel.m in Sources */ = {isa = PBXBuildFile; fileRef = E2588F961E617F7C00B55ADC /* ImageModel.m */; };
		E2588FA31E6185F000B55ADC /* DebugView.m in Sources */ = {isa = PBXBuildFile; fileRef = E2588F9A1E6185F000B55ADC /* DebugView.m */; };
		E2588FA41E6185F000B55ADC /* FrameCacheView.m in Sources */ = {isa = PBXBuildFile; fileRef = E2588F9C1E6185F000B55ADC /* FrameCacheView.m */; };
		E2588FA51E6185F000B55ADC /* GraphView.m in Sources */ = {isa = PBXBuildFile; fileRef = E2588F9E1E6185F000B55ADC /* GraphView.m */; };
		E2588FA61E6185F000B55ADC /* PlayheadView.m in Sources */ = {isa = PBXBuildFile; fileRef = E2588FA01E6185F000B55ADC /* PlayheadView.m */; };
		E2588FA71E6185F000B55ADC /* RSPlayPauseButton.m in Sources */ = {isa = PBXBuildFile; fileRef = E2588FA21E6185F000B55ADC /* RSPlayPauseButton.m */; };
		E2588FAB1E61862300B55ADC /* SDWebImageCollectionViewCell.m in Sources */ = {isa = PBXBuildFile; fileRef = E2588FA91E61862300B55ADC /* SDWebImageCollectionViewCell.m */; };
		E26D45EA1E324E6800F6935B /* DropDownMenu.m in Sources */ = {isa = PBXBuildFile; fileRef = E26D45E91E324E6800F6935B /* DropDownMenu.m */; };
		E26D45EF1E326AC900F6935B /* TouchID.m in Sources */ = {isa = PBXBuildFile; fileRef = E26D45EE1E326AC900F6935B /* TouchID.m */; };
		E279B3801E533B9F00699A5B /* test.vcf in Resources */ = {isa = PBXBuildFile; fileRef = E279B37F1E533B9F00699A5B /* test.vcf */; };
		E27CCBAE1E339414009BBDAF /* gif1.gif in Resources */ = {isa = PBXBuildFile; fileRef = E27CCBAB1E339414009BBDAF /* gif1.gif */; };
		E27CCBAF1E339414009BBDAF /* gif2.gif in Resources */ = {isa = PBXBuildFile; fileRef = E27CCBAC1E339414009BBDAF /* gif2.gif */; };
		E27CCBB01E339414009BBDAF /* gif3.gif in Resources */ = {isa = PBXBuildFile; fileRef = E27CCBAD1E339414009BBDAF /* gif3.gif */; };
		E2C84B211E6A8596009B110F /* MasonryTableViewController.m in Sources */ = {isa = PBXBuildFile; fileRef = E2C84B201E6A8596009B110F /* MasonryTableViewController.m */; };
		E2C84B241E6A8C1D009B110F /* UpdateConstraintView.m in Sources */ = {isa = PBXBuildFile; fileRef = E2C84B231E6A8C1D009B110F /* UpdateConstraintView.m */; };
		E2C84B271E6A9353009B110F /* SubViewController.m in Sources */ = {isa = PBXBuildFile; fileRef = E2C84B261E6A9353009B110F /* SubViewController.m */; };
		E2C84B2A1E6A9512009B110F /* RemakeConstraintView.m in Sources */ = {isa = PBXBuildFile; fileRef = E2C84B291E6A9512009B110F /* RemakeConstraintView.m */; };
		E2C84B2D1E6AAC5B009B110F /* UseConstantsView.m in Sources */ = {isa = PBXBuildFile; fileRef = E2C84B2C1E6AAC5B009B110F /* UseConstantsView.m */; };
		E2C84B301E6AAF03009B110F /* UseEdgesInsetView.m in Sources */ = {isa = PBXBuildFile; fileRef = E2C84B2F1E6AAF03009B110F /* UseEdgesInsetView.m */; };
		E2C84B331E6AB120009B110F /* AspectFitWithRatioView.m in Sources */ = {isa = PBXBuildFile; fileRef = E2C84B321E6AB120009B110F /* AspectFitWithRatioView.m */; };
		E2C84B361E6AB2B8009B110F /* BasicAnimatedView.m in Sources */ = {isa = PBXBuildFile; fileRef = E2C84B351E6AB2B8009B110F /* BasicAnimatedView.m */; };
		E2DDA2341E50B65A00460BE5 /* UIColor+expanded.m in Sources */ = {isa = PBXBuildFile; fileRef = E2DDA2331E50B65A00460BE5 /* UIColor+expanded.m */; };
		E2DDA23A1E50BDA300460BE5 /* ConsoleToChineseViewController.m in Sources */ = {isa = PBXBuildFile; fileRef = E2DDA2371E50BDA300460BE5 /* ConsoleToChineseViewController.m */; };
		E2DDA23B1E50BDA300460BE5 /* ConsoleToChineseViewController.xib in Resources */ = {isa = PBXBuildFile; fileRef = E2DDA2381E50BDA300460BE5 /* ConsoleToChineseViewController.xib */; };
		E2DDA2421E50BDD100460BE5 /* LocalAuthenticationViewController.m in Sources */ = {isa = PBXBuildFile; fileRef = E2DDA23F1E50BDD100460BE5 /* LocalAuthenticationViewController.m */; };
		E2DDA2431E50BDD100460BE5 /* LocalAuthenticationViewController.xib in Resources */ = {isa = PBXBuildFile; fileRef = E2DDA2401E50BDD100460BE5 /* LocalAuthenticationViewController.xib */; };
		E2DDA2491E50BE0B00460BE5 /* DateChooseViewController.m in Sources */ = {isa = PBXBuildFile; fileRef = E2DDA2461E50BE0B00460BE5 /* DateChooseViewController.m */; };
		E2DDA24A1E50BE0B00460BE5 /* DateChooseViewController.xib in Resources */ = {isa = PBXBuildFile; fileRef = E2DDA2471E50BE0B00460BE5 /* DateChooseViewController.xib */; };
		E2DDA2501E50BE2000460BE5 /* LoginViewController.m in Sources */ = {isa = PBXBuildFile; fileRef = E2DDA24D1E50BE2000460BE5 /* LoginViewController.m */; };
		E2DDA2511E50BE2000460BE5 /* LoginViewController.xib in Resources */ = {isa = PBXBuildFile; fileRef = E2DDA24E1E50BE2000460BE5 /* LoginViewController.xib */; };
		E2DDA2551E50BE6A00460BE5 /* GifViewController.m in Sources */ = {isa = PBXBuildFile; fileRef = E2DDA2531E50BE6A00460BE5 /* GifViewController.m */; };
		E2DDA2561E50BE6A00460BE5 /* GifViewController.xib in Resources */ = {isa = PBXBuildFile; fileRef = E2DDA2541E50BE6A00460BE5 /* GifViewController.xib */; };
		E2DDA25C1E50BE8000460BE5 /* HomeViewController.m in Sources */ = {isa = PBXBuildFile; fileRef = E2DDA2591E50BE8000460BE5 /* HomeViewController.m */; };
		E2DDA25D1E50BE8000460BE5 /* HomeViewController.xib in Resources */ = {isa = PBXBuildFile; fileRef = E2DDA25A1E50BE8000460BE5 /* HomeViewController.xib */; };
		E2DDA2621E50BEB900460BE5 /* ScanQrcodeViewController.m in Sources */ = {isa = PBXBuildFile; fileRef = E2DDA2601E50BEB900460BE5 /* ScanQrcodeViewController.m */; };
		E2DDA26B1E50BF1100460BE5 /* BaseNavigationViewController.m in Sources */ = {isa = PBXBuildFile; fileRef = E2DDA2651E50BF1100460BE5 /* BaseNavigationViewController.m */; };
		E2DDA26C1E50BF1100460BE5 /* BaseTabBarViewController.m in Sources */ = {isa = PBXBuildFile; fileRef = E2DDA2671E50BF1100460BE5 /* BaseTabBarViewController.m */; };
		E2DDA26D1E50BF1100460BE5 /* BaseViewController.m in Sources */ = {isa = PBXBuildFile; fileRef = E2DDA2691E50BF1100460BE5 /* BaseViewController.m */; };
		E2DDA2791E50C2C500460BE5 /* ApplicationViewController.m in Sources */ = {isa = PBXBuildFile; fileRef = E2DDA2771E50C2C500460BE5 /* ApplicationViewController.m */; };
		E2EF65FB1E6AB5FF007F5089 /* UserMarginView.m in Sources */ = {isa = PBXBuildFile; fileRef = E2EF65FA1E6AB5FF007F5089 /* UserMarginView.m */; };
		E2EF65FE1E6AB67B007F5089 /* UpdateArrayViews.m in Sources */ = {isa = PBXBuildFile; fileRef = E2EF65FD1E6AB67B007F5089 /* UpdateArrayViews.m */; };
/* End PBXBuildFile section */

/* Begin PBXContainerItemProxy section */
		E24075281E21CEC100E9692A /* PBXContainerItemProxy */ = {
			isa = PBXContainerItemProxy;
			containerPortal = E24075061E21CEC100E9692A /* Project object */;
			proxyType = 1;
			remoteGlobalIDString = E240750D1E21CEC100E9692A;
			remoteInfo = LearnSummarize;
		};
		E24075331E21CEC100E9692A /* PBXContainerItemProxy */ = {
			isa = PBXContainerItemProxy;
			containerPortal = E24075061E21CEC100E9692A /* Project object */;
			proxyType = 1;
			remoteGlobalIDString = E240750D1E21CEC100E9692A;
			remoteInfo = LearnSummarize;
		};
/* End PBXContainerItemProxy section */

/* Begin PBXFileReference section */
		0F03D717558220CD15DD8D3A /* Pods-LearnSummarize.release.xcconfig */ = {isa = PBXFileReference; includeInIndex = 1; lastKnownFileType = text.xcconfig; name = "Pods-LearnSummarize.release.xcconfig"; path = "../Pods/Target Support Files/Pods-LearnSummarize/Pods-LearnSummarize.release.xcconfig"; sourceTree = "<group>"; };
		674EB7FA1E7BD00000C9F7B5 /* WifiViewController.h */ = {isa = PBXFileReference; fileEncoding = 4; lastKnownFileType = sourcecode.c.h; path = WifiViewController.h; sourceTree = "<group>"; };
		674EB7FB1E7BD00000C9F7B5 /* WifiViewController.m */ = {isa = PBXFileReference; fileEncoding = 4; lastKnownFileType = sourcecode.c.objc; path = WifiViewController.m; sourceTree = "<group>"; };
		674EB7FE1E7BD0C200C9F7B5 /* DMDropDownMenu.m */ = {isa = PBXFileReference; fileEncoding = 4; lastKnownFileType = sourcecode.c.objc; path = DMDropDownMenu.m; sourceTree = "<group>"; };
		674EB7FF1E7BD0C200C9F7B5 /* DMDropDownMenu.h */ = {isa = PBXFileReference; fileEncoding = 4; lastKnownFileType = sourcecode.c.h; path = DMDropDownMenu.h; sourceTree = "<group>"; };
		7B679F058D7266339C72B235 /* libPods-LearnSummarize.a */ = {isa = PBXFileReference; explicitFileType = archive.ar; includeInIndex = 0; path = "libPods-LearnSummarize.a"; sourceTree = BUILT_PRODUCTS_DIR; };
		9DAF3859DF87CE9EEAE50F4B /* Pods-LearnSummarize.debug.xcconfig */ = {isa = PBXFileReference; includeInIndex = 1; lastKnownFileType = text.xcconfig; name = "Pods-LearnSummarize.debug.xcconfig"; path = "../Pods/Target Support Files/Pods-LearnSummarize/Pods-LearnSummarize.debug.xcconfig"; sourceTree = "<group>"; };
		E2080BED1E68646000C23BF3 /* EmotionViewController.h */ = {isa = PBXFileReference; fileEncoding = 4; lastKnownFileType = sourcecode.c.h; path = EmotionViewController.h; sourceTree = "<group>"; };
		E2080BEE1E68646000C23BF3 /* EmotionViewController.m */ = {isa = PBXFileReference; fileEncoding = 4; lastKnownFileType = sourcecode.c.objc; path = EmotionViewController.m; sourceTree = "<group>"; };
		E2080BEF1E68646000C23BF3 /* EmotionViewController.xib */ = {isa = PBXFileReference; fileEncoding = 4; lastKnownFileType = file.xib; path = EmotionViewController.xib; sourceTree = "<group>"; };
		E2080BF51E6864D500C23BF3 /* SoftKeyViewController.h */ = {isa = PBXFileReference; fileEncoding = 4; lastKnownFileType = sourcecode.c.h; path = SoftKeyViewController.h; sourceTree = "<group>"; };
		E2080BF61E6864D500C23BF3 /* SoftKeyViewController.m */ = {isa = PBXFileReference; fileEncoding = 4; lastKnownFileType = sourcecode.c.objc; path = SoftKeyViewController.m; sourceTree = "<group>"; };
		E2080BF71E6864D500C23BF3 /* SoftKeyViewController.xib */ = {isa = PBXFileReference; fileEncoding = 4; lastKnownFileType = file.xib; path = SoftKeyViewController.xib; sourceTree = "<group>"; };
		E2080BFD1E68703C00C23BF3 /* ScrollViewViewController.h */ = {isa = PBXFileReference; fileEncoding = 4; lastKnownFileType = sourcecode.c.h; path = ScrollViewViewController.h; sourceTree = "<group>"; };
		E2080BFE1E68703C00C23BF3 /* ScrollViewViewController.m */ = {isa = PBXFileReference; fileEncoding = 4; lastKnownFileType = sourcecode.c.objc; path = ScrollViewViewController.m; sourceTree = "<group>"; };
		E2080BFF1E68703C00C23BF3 /* ScrollViewViewController.xib */ = {isa = PBXFileReference; fileEncoding = 4; lastKnownFileType = file.xib; path = ScrollViewViewController.xib; sourceTree = "<group>"; };
		E21B215C1E6060C50076D2A6 /* UILabel+AttributedString.h */ = {isa = PBXFileReference; fileEncoding = 4; lastKnownFileType = sourcecode.c.h; path = "UILabel+AttributedString.h"; sourceTree = "<group>"; };
		E21B215D1E6060C50076D2A6 /* UILabel+AttributedString.m */ = {isa = PBXFileReference; fileEncoding = 4; lastKnownFileType = sourcecode.c.objc; path = "UILabel+AttributedString.m"; sourceTree = "<group>"; };
		E2384ED31E531FF900E84671 /* CommonTextTableViewCell.h */ = {isa = PBXFileReference; fileEncoding = 4; lastKnownFileType = sourcecode.c.h; path = CommonTextTableViewCell.h; sourceTree = "<group>"; };
		E2384ED41E531FF900E84671 /* CommonTextTableViewCell.m */ = {isa = PBXFileReference; fileEncoding = 4; lastKnownFileType = sourcecode.c.objc; path = CommonTextTableViewCell.m; sourceTree = "<group>"; };
		E2384ED51E531FF900E84671 /* CommonTextTableViewCell.xib */ = {isa = PBXFileReference; fileEncoding = 4; lastKnownFileType = file.xib; path = CommonTextTableViewCell.xib; sourceTree = "<group>"; };
		E2384ED81E53244F00E84671 /* ApplicationViewController.xib */ = {isa = PBXFileReference; fileEncoding = 4; lastKnownFileType = file.xib; path = ApplicationViewController.xib; sourceTree = "<group>"; };
		E2384EDA1E5329DA00E84671 /* MailViewController.h */ = {isa = PBXFileReference; fileEncoding = 4; lastKnownFileType = sourcecode.c.h; path = MailViewController.h; sourceTree = "<group>"; };
		E2384EDB1E5329DA00E84671 /* MailViewController.m */ = {isa = PBXFileReference; fileEncoding = 4; lastKnownFileType = sourcecode.c.objc; path = MailViewController.m; sourceTree = "<group>"; };
		E2384EDC1E5329DA00E84671 /* MailViewController.xib */ = {isa = PBXFileReference; fileEncoding = 4; lastKnownFileType = file.xib; path = MailViewController.xib; sourceTree = "<group>"; };
		E240750E1E21CEC100E9692A /* LearnSummarize.app */ = {isa = PBXFileReference; explicitFileType = wrapper.application; includeInIndex = 0; path = LearnSummarize.app; sourceTree = BUILT_PRODUCTS_DIR; };
		E24075121E21CEC100E9692A /* main.m */ = {isa = PBXFileReference; lastKnownFileType = sourcecode.c.objc; path = main.m; sourceTree = "<group>"; };
		E24075141E21CEC100E9692A /* AppDelegate.h */ = {isa = PBXFileReference; lastKnownFileType = sourcecode.c.h; path = AppDelegate.h; sourceTree = "<group>"; };
		E24075151E21CEC100E9692A /* AppDelegate.m */ = {isa = PBXFileReference; lastKnownFileType = sourcecode.c.objc; path = AppDelegate.m; sourceTree = "<group>"; };
		E240751D1E21CEC100E9692A /* Assets.xcassets */ = {isa = PBXFileReference; lastKnownFileType = folder.assetcatalog; path = Assets.xcassets; sourceTree = "<group>"; };
		E24075221E21CEC100E9692A /* Info.plist */ = {isa = PBXFileReference; lastKnownFileType = text.plist.xml; path = Info.plist; sourceTree = "<group>"; };
		E24075271E21CEC100E9692A /* LearnSummarizeTests.xctest */ = {isa = PBXFileReference; explicitFileType = wrapper.cfbundle; includeInIndex = 0; path = LearnSummarizeTests.xctest; sourceTree = BUILT_PRODUCTS_DIR; };
		E240752B1E21CEC100E9692A /* LearnSummarizeTests.m */ = {isa = PBXFileReference; lastKnownFileType = sourcecode.c.objc; path = LearnSummarizeTests.m; sourceTree = "<group>"; };
		E240752D1E21CEC100E9692A /* Info.plist */ = {isa = PBXFileReference; lastKnownFileType = text.plist.xml; path = Info.plist; sourceTree = "<group>"; };
		E24075321E21CEC100E9692A /* LearnSummarizeUITests.xctest */ = {isa = PBXFileReference; explicitFileType = wrapper.cfbundle; includeInIndex = 0; path = LearnSummarizeUITests.xctest; sourceTree = BUILT_PRODUCTS_DIR; };
		E24075361E21CEC100E9692A /* LearnSummarizeUITests.m */ = {isa = PBXFileReference; lastKnownFileType = sourcecode.c.objc; path = LearnSummarizeUITests.m; sourceTree = "<group>"; };
		E24075381E21CEC100E9692A /* Info.plist */ = {isa = PBXFileReference; lastKnownFileType = text.plist.xml; path = Info.plist; sourceTree = "<group>"; };
		E24075461E21D33700E9692A /* Base */ = {isa = PBXFileReference; lastKnownFileType = file.storyboard; name = Base; path = LaunchScreen.storyboard; sourceTree = "<group>"; };
		E24075541E21D9C400E9692A /* Singleton.h */ = {isa = PBXFileReference; lastKnownFileType = sourcecode.c.h; path = Singleton.h; sourceTree = "<group>"; };
		E24075551E21DBAC00E9692A /* LearnSummarize.pch */ = {isa = PBXFileReference; lastKnownFileType = sourcecode.c.h; path = LearnSummarize.pch; sourceTree = "<group>"; };
		E24075561E21E1C700E9692A /* ServerConfig.h */ = {isa = PBXFileReference; lastKnownFileType = sourcecode.c.h; path = ServerConfig.h; sourceTree = "<group>"; };
		E24075571E21E5FD00E9692A /* SysUtil.h */ = {isa = PBXFileReference; fileEncoding = 4; lastKnownFileType = sourcecode.c.h; path = SysUtil.h; sourceTree = "<group>"; };
		E24075581E21E5FD00E9692A /* SysUtil.m */ = {isa = PBXFileReference; fileEncoding = 4; lastKnownFileType = sourcecode.c.objc; path = SysUtil.m; sourceTree = "<group>"; };
		E240755D1E21E78600E9692A /* NSString+Common.h */ = {isa = PBXFileReference; fileEncoding = 4; lastKnownFileType = sourcecode.c.h; path = "NSString+Common.h"; sourceTree = "<group>"; };
		E240755E1E21E78600E9692A /* NSString+Common.m */ = {isa = PBXFileReference; fileEncoding = 4; lastKnownFileType = sourcecode.c.objc; path = "NSString+Common.m"; sourceTree = "<group>"; };
		E24075601E21E9D900E9692A /* NSDate+Common.h */ = {isa = PBXFileReference; fileEncoding = 4; lastKnownFileType = sourcecode.c.h; path = "NSDate+Common.h"; sourceTree = "<group>"; };
		E24075611E21E9D900E9692A /* NSDate+Common.m */ = {isa = PBXFileReference; fileEncoding = 4; lastKnownFileType = sourcecode.c.objc; path = "NSDate+Common.m"; sourceTree = "<group>"; };
		E24075671E21F39000E9692A /* Common.h */ = {isa = PBXFileReference; lastKnownFileType = sourcecode.c.h; path = Common.h; sourceTree = "<group>"; };
		E240756B1E21FC7E00E9692A /* PageModel.h */ = {isa = PBXFileReference; fileEncoding = 4; lastKnownFileType = sourcecode.c.h; path = PageModel.h; sourceTree = "<group>"; };
		E240756C1E21FC7E00E9692A /* PageModel.m */ = {isa = PBXFileReference; fileEncoding = 4; lastKnownFileType = sourcecode.c.objc; path = PageModel.m; sourceTree = "<group>"; };
		E240756F1E22031000E9692A /* MessageUtil.h */ = {isa = PBXFileReference; fileEncoding = 4; lastKnownFileType = sourcecode.c.h; path = MessageUtil.h; sourceTree = "<group>"; };
		E24075701E22031000E9692A /* MessageUtil.m */ = {isa = PBXFileReference; fileEncoding = 4; lastKnownFileType = sourcecode.c.objc; path = MessageUtil.m; sourceTree = "<group>"; };
		E24075721E22033400E9692A /* UIImage+Common.h */ = {isa = PBXFileReference; fileEncoding = 4; lastKnownFileType = sourcecode.c.h; path = "UIImage+Common.h"; sourceTree = "<group>"; };
		E24075731E22033400E9692A /* UIImage+Common.m */ = {isa = PBXFileReference; fileEncoding = 4; lastKnownFileType = sourcecode.c.objc; path = "UIImage+Common.m"; sourceTree = "<group>"; };
		E24075811E220F9A00E9692A /* UIView+SDExtension.h */ = {isa = PBXFileReference; fileEncoding = 4; lastKnownFileType = sourcecode.c.h; path = "UIView+SDExtension.h"; sourceTree = "<group>"; };
		E24075821E220F9A00E9692A /* UIView+SDExtension.m */ = {isa = PBXFileReference; fileEncoding = 4; lastKnownFileType = sourcecode.c.objc; path = "UIView+SDExtension.m"; sourceTree = "<group>"; };
		E24075841E2211B100E9692A /* UIBarButtonItem+Item.h */ = {isa = PBXFileReference; fileEncoding = 4; lastKnownFileType = sourcecode.c.h; path = "UIBarButtonItem+Item.h"; sourceTree = "<group>"; };
		E24075851E2211B100E9692A /* UIBarButtonItem+Item.m */ = {isa = PBXFileReference; fileEncoding = 4; lastKnownFileType = sourcecode.c.objc; path = "UIBarButtonItem+Item.m"; sourceTree = "<group>"; };
		E24075871E2213DA00E9692A /* MainUtil.h */ = {isa = PBXFileReference; fileEncoding = 4; lastKnownFileType = sourcecode.c.h; path = MainUtil.h; sourceTree = "<group>"; };
		E24075881E2213DA00E9692A /* MainUtil.m */ = {isa = PBXFileReference; fileEncoding = 4; lastKnownFileType = sourcecode.c.objc; path = MainUtil.m; sourceTree = "<group>"; };
		E24075931E2225A400E9692A /* JScrollView+PageControl+AutoScroll.h */ = {isa = PBXFileReference; fileEncoding = 4; lastKnownFileType = sourcecode.c.h; path = "JScrollView+PageControl+AutoScroll.h"; sourceTree = "<group>"; };
		E24075941E2225A400E9692A /* JScrollView+PageControl+AutoScroll.m */ = {isa = PBXFileReference; fileEncoding = 4; lastKnownFileType = sourcecode.c.objc; path = "JScrollView+PageControl+AutoScroll.m"; sourceTree = "<group>"; };
		E240759D1E2231F500E9692A /* AccountTool.h */ = {isa = PBXFileReference; fileEncoding = 4; lastKnownFileType = sourcecode.c.h; path = AccountTool.h; sourceTree = "<group>"; };
		E240759E1E2231F500E9692A /* AccountTool.m */ = {isa = PBXFileReference; fileEncoding = 4; lastKnownFileType = sourcecode.c.objc; path = AccountTool.m; sourceTree = "<group>"; };
		E24075A11E22326000E9692A /* BaseModel.h */ = {isa = PBXFileReference; fileEncoding = 4; lastKnownFileType = sourcecode.c.h; path = BaseModel.h; sourceTree = "<group>"; };
		E24075A21E22326000E9692A /* BaseModel.m */ = {isa = PBXFileReference; fileEncoding = 4; lastKnownFileType = sourcecode.c.objc; path = BaseModel.m; sourceTree = "<group>"; };
		E24075A41E22329A00E9692A /* LoginModel.h */ = {isa = PBXFileReference; fileEncoding = 4; lastKnownFileType = sourcecode.c.h; path = LoginModel.h; sourceTree = "<group>"; };
		E24075A51E22329A00E9692A /* LoginModel.m */ = {isa = PBXFileReference; fileEncoding = 4; lastKnownFileType = sourcecode.c.objc; path = LoginModel.m; sourceTree = "<group>"; };
		E24075A71E2232F600E9692A /* SaveArray.h */ = {isa = PBXFileReference; fileEncoding = 4; lastKnownFileType = sourcecode.c.h; path = SaveArray.h; sourceTree = "<group>"; };
		E24075A81E2232F600E9692A /* SaveArray.m */ = {isa = PBXFileReference; fileEncoding = 4; lastKnownFileType = sourcecode.c.objc; path = SaveArray.m; sourceTree = "<group>"; };
		E24075AD1E22355500E9692A /* UIView+Extensions.h */ = {isa = PBXFileReference; fileEncoding = 4; lastKnownFileType = sourcecode.c.h; path = "UIView+Extensions.h"; sourceTree = "<group>"; };
		E24075AE1E22355500E9692A /* UIView+Extensions.m */ = {isa = PBXFileReference; fileEncoding = 4; lastKnownFileType = sourcecode.c.objc; path = "UIView+Extensions.m"; sourceTree = "<group>"; };
		E24075B51E223EC400E9692A /* ScrollAdView.h */ = {isa = PBXFileReference; fileEncoding = 4; lastKnownFileType = sourcecode.c.h; path = ScrollAdView.h; sourceTree = "<group>"; };
		E24075B61E223EC400E9692A /* ScrollAdView.m */ = {isa = PBXFileReference; fileEncoding = 4; lastKnownFileType = sourcecode.c.objc; path = ScrollAdView.m; sourceTree = "<group>"; };
		E24075BB1E2241F600E9692A /* UIImageView+Common.h */ = {isa = PBXFileReference; fileEncoding = 4; lastKnownFileType = sourcecode.c.h; path = "UIImageView+Common.h"; sourceTree = "<group>"; };
		E24075BC1E2241F600E9692A /* UIImageView+Common.m */ = {isa = PBXFileReference; fileEncoding = 4; lastKnownFileType = sourcecode.c.objc; path = "UIImageView+Common.m"; sourceTree = "<group>"; };
		E24075C31E22674500E9692A /* LTSBaseAlertView.h */ = {isa = PBXFileReference; fileEncoding = 4; lastKnownFileType = sourcecode.c.h; path = LTSBaseAlertView.h; sourceTree = "<group>"; };
		E24075C41E22674500E9692A /* LTSBaseAlertView.m */ = {isa = PBXFileReference; fileEncoding = 4; lastKnownFileType = sourcecode.c.objc; path = LTSBaseAlertView.m; sourceTree = "<group>"; };
		E24075C51E22674500E9692A /* LTSDateChoose.h */ = {isa = PBXFileReference; fileEncoding = 4; lastKnownFileType = sourcecode.c.h; path = LTSDateChoose.h; sourceTree = "<group>"; };
		E24075C61E22674500E9692A /* LTSDateChoose.m */ = {isa = PBXFileReference; fileEncoding = 4; lastKnownFileType = sourcecode.c.objc; path = LTSDateChoose.m; sourceTree = "<group>"; };
		E247F7A41E5B0258004D866F /* ShellViewController.h */ = {isa = PBXFileReference; fileEncoding = 4; lastKnownFileType = sourcecode.c.h; path = ShellViewController.h; sourceTree = "<group>"; };
		E247F7A51E5B0258004D866F /* ShellViewController.m */ = {isa = PBXFileReference; fileEncoding = 4; lastKnownFileType = sourcecode.c.objc; path = ShellViewController.m; sourceTree = "<group>"; };
		E247F7A61E5B0258004D866F /* ShellViewController.xib */ = {isa = PBXFileReference; fileEncoding = 4; lastKnownFileType = file.xib; path = ShellViewController.xib; sourceTree = "<group>"; };
		E2588F851E61721500B55ADC /* SDWebImageViewController.h */ = {isa = PBXFileReference; fileEncoding = 4; lastKnownFileType = sourcecode.c.h; path = SDWebImageViewController.h; sourceTree = "<group>"; };
		E2588F861E61721500B55ADC /* SDWebImageViewController.m */ = {isa = PBXFileReference; fileEncoding = 4; lastKnownFileType = sourcecode.c.objc; path = SDWebImageViewController.m; sourceTree = "<group>"; };
		E2588F8A1E61746900B55ADC /* ParticleEmitterViewController.h */ = {isa = PBXFileReference; fileEncoding = 4; lastKnownFileType = sourcecode.c.h; path = ParticleEmitterViewController.h; sourceTree = "<group>"; };
		E2588F8B1E61746900B55ADC /* ParticleEmitterViewController.m */ = {isa = PBXFileReference; fileEncoding = 4; lastKnownFileType = sourcecode.c.objc; path = ParticleEmitterViewController.m; sourceTree = "<group>"; };
		E2588F8C1E61746900B55ADC /* ParticleEmitterViewController.xib */ = {isa = PBXFileReference; fileEncoding = 4; lastKnownFileType = file.xib; path = ParticleEmitterViewController.xib; sourceTree = "<group>"; };
		E2588F901E6174A200B55ADC /* DWParticleEmitter.h */ = {isa = PBXFileReference; fileEncoding = 4; lastKnownFileType = sourcecode.c.h; path = DWParticleEmitter.h; sourceTree = "<group>"; };
		E2588F911E6174A200B55ADC /* DWParticleEmitter.m */ = {isa = PBXFileReference; fileEncoding = 4; lastKnownFileType = sourcecode.c.objc; path = DWParticleEmitter.m; sourceTree = "<group>"; };
		E2588F931E61753900B55ADC /* yuandanr.png */ = {isa = PBXFileReference; lastKnownFileType = image.png; path = yuandanr.png; sourceTree = "<group>"; };
		E2588F951E617F7C00B55ADC /* ImageModel.h */ = {isa = PBXFileReference; fileEncoding = 4; lastKnownFileType = sourcecode.c.h; path = ImageModel.h; sourceTree = "<group>"; };
		E2588F961E617F7C00B55ADC /* ImageModel.m */ = {isa = PBXFileReference; fileEncoding = 4; lastKnownFileType = sourcecode.c.objc; path = ImageModel.m; sourceTree = "<group>"; };
		E2588F991E6185F000B55ADC /* DebugView.h */ = {isa = PBXFileReference; fileEncoding = 4; lastKnownFileType = sourcecode.c.h; path = DebugView.h; sourceTree = "<group>"; };
		E2588F9A1E6185F000B55ADC /* DebugView.m */ = {isa = PBXFileReference; fileEncoding = 4; lastKnownFileType = sourcecode.c.objc; path = DebugView.m; sourceTree = "<group>"; };
		E2588F9B1E6185F000B55ADC /* FrameCacheView.h */ = {isa = PBXFileReference; fileEncoding = 4; lastKnownFileType = sourcecode.c.h; path = FrameCacheView.h; sourceTree = "<group>"; };
		E2588F9C1E6185F000B55ADC /* FrameCacheView.m */ = {isa = PBXFileReference; fileEncoding = 4; lastKnownFileType = sourcecode.c.objc; path = FrameCacheView.m; sourceTree = "<group>"; };
		E2588F9D1E6185F000B55ADC /* GraphView.h */ = {isa = PBXFileReference; fileEncoding = 4; lastKnownFileType = sourcecode.c.h; path = GraphView.h; sourceTree = "<group>"; };
		E2588F9E1E6185F000B55ADC /* GraphView.m */ = {isa = PBXFileReference; fileEncoding = 4; lastKnownFileType = sourcecode.c.objc; path = GraphView.m; sourceTree = "<group>"; };
		E2588F9F1E6185F000B55ADC /* PlayheadView.h */ = {isa = PBXFileReference; fileEncoding = 4; lastKnownFileType = sourcecode.c.h; path = PlayheadView.h; sourceTree = "<group>"; };
		E2588FA01E6185F000B55ADC /* PlayheadView.m */ = {isa = PBXFileReference; fileEncoding = 4; lastKnownFileType = sourcecode.c.objc; path = PlayheadView.m; sourceTree = "<group>"; };
		E2588FA11E6185F000B55ADC /* RSPlayPauseButton.h */ = {isa = PBXFileReference; fileEncoding = 4; lastKnownFileType = sourcecode.c.h; path = RSPlayPauseButton.h; sourceTree = "<group>"; };
		E2588FA21E6185F000B55ADC /* RSPlayPauseButton.m */ = {isa = PBXFileReference; fileEncoding = 4; lastKnownFileType = sourcecode.c.objc; path = RSPlayPauseButton.m; sourceTree = "<group>"; };
		E2588FA81E61862300B55ADC /* SDWebImageCollectionViewCell.h */ = {isa = PBXFileReference; fileEncoding = 4; lastKnownFileType = sourcecode.c.h; path = SDWebImageCollectionViewCell.h; sourceTree = "<group>"; };
		E2588FA91E61862300B55ADC /* SDWebImageCollectionViewCell.m */ = {isa = PBXFileReference; fileEncoding = 4; lastKnownFileType = sourcecode.c.objc; path = SDWebImageCollectionViewCell.m; sourceTree = "<group>"; };
		E26D45E81E324E6800F6935B /* DropDownMenu.h */ = {isa = PBXFileReference; fileEncoding = 4; lastKnownFileType = sourcecode.c.h; path = DropDownMenu.h; sourceTree = "<group>"; };
		E26D45E91E324E6800F6935B /* DropDownMenu.m */ = {isa = PBXFileReference; fileEncoding = 4; lastKnownFileType = sourcecode.c.objc; path = DropDownMenu.m; sourceTree = "<group>"; };
		E26D45ED1E326AC900F6935B /* TouchID.h */ = {isa = PBXFileReference; fileEncoding = 4; lastKnownFileType = sourcecode.c.h; path = TouchID.h; sourceTree = "<group>"; };
		E26D45EE1E326AC900F6935B /* TouchID.m */ = {isa = PBXFileReference; fileEncoding = 4; lastKnownFileType = sourcecode.c.objc; path = TouchID.m; sourceTree = "<group>"; };
		E279B37F1E533B9F00699A5B /* test.vcf */ = {isa = PBXFileReference; fileEncoding = 4; lastKnownFileType = text; path = test.vcf; sourceTree = "<group>"; };
		E27CCBAB1E339414009BBDAF /* gif1.gif */ = {isa = PBXFileReference; lastKnownFileType = image.gif; path = gif1.gif; sourceTree = "<group>"; };
		E27CCBAC1E339414009BBDAF /* gif2.gif */ = {isa = PBXFileReference; lastKnownFileType = image.gif; path = gif2.gif; sourceTree = "<group>"; };
		E27CCBAD1E339414009BBDAF /* gif3.gif */ = {isa = PBXFileReference; lastKnownFileType = image.gif; path = gif3.gif; sourceTree = "<group>"; };
		E2C84B1F1E6A8596009B110F /* MasonryTableViewController.h */ = {isa = PBXFileReference; fileEncoding = 4; lastKnownFileType = sourcecode.c.h; path = MasonryTableViewController.h; sourceTree = "<group>"; };
		E2C84B201E6A8596009B110F /* MasonryTableViewController.m */ = {isa = PBXFileReference; fileEncoding = 4; lastKnownFileType = sourcecode.c.objc; path = MasonryTableViewController.m; sourceTree = "<group>"; };
		E2C84B221E6A8C1D009B110F /* UpdateConstraintView.h */ = {isa = PBXFileReference; fileEncoding = 4; lastKnownFileType = sourcecode.c.h; path = UpdateConstraintView.h; sourceTree = "<group>"; };
		E2C84B231E6A8C1D009B110F /* UpdateConstraintView.m */ = {isa = PBXFileReference; fileEncoding = 4; lastKnownFileType = sourcecode.c.objc; path = UpdateConstraintView.m; sourceTree = "<group>"; };
		E2C84B251E6A9353009B110F /* SubViewController.h */ = {isa = PBXFileReference; fileEncoding = 4; lastKnownFileType = sourcecode.c.h; path = SubViewController.h; sourceTree = "<group>"; };
		E2C84B261E6A9353009B110F /* SubViewController.m */ = {isa = PBXFileReference; fileEncoding = 4; lastKnownFileType = sourcecode.c.objc; path = SubViewController.m; sourceTree = "<group>"; };
		E2C84B281E6A9512009B110F /* RemakeConstraintView.h */ = {isa = PBXFileReference; fileEncoding = 4; lastKnownFileType = sourcecode.c.h; path = RemakeConstraintView.h; sourceTree = "<group>"; };
		E2C84B291E6A9512009B110F /* RemakeConstraintView.m */ = {isa = PBXFileReference; fileEncoding = 4; lastKnownFileType = sourcecode.c.objc; path = RemakeConstraintView.m; sourceTree = "<group>"; };
		E2C84B2B1E6AAC5B009B110F /* UseConstantsView.h */ = {isa = PBXFileReference; fileEncoding = 4; lastKnownFileType = sourcecode.c.h; path = UseConstantsView.h; sourceTree = "<group>"; };
		E2C84B2C1E6AAC5B009B110F /* UseConstantsView.m */ = {isa = PBXFileReference; fileEncoding = 4; lastKnownFileType = sourcecode.c.objc; path = UseConstantsView.m; sourceTree = "<group>"; };
		E2C84B2E1E6AAF03009B110F /* UseEdgesInsetView.h */ = {isa = PBXFileReference; fileEncoding = 4; lastKnownFileType = sourcecode.c.h; path = UseEdgesInsetView.h; sourceTree = "<group>"; };
		E2C84B2F1E6AAF03009B110F /* UseEdgesInsetView.m */ = {isa = PBXFileReference; fileEncoding = 4; lastKnownFileType = sourcecode.c.objc; path = UseEdgesInsetView.m; sourceTree = "<group>"; };
		E2C84B311E6AB120009B110F /* AspectFitWithRatioView.h */ = {isa = PBXFileReference; fileEncoding = 4; lastKnownFileType = sourcecode.c.h; path = AspectFitWithRatioView.h; sourceTree = "<group>"; };
		E2C84B321E6AB120009B110F /* AspectFitWithRatioView.m */ = {isa = PBXFileReference; fileEncoding = 4; lastKnownFileType = sourcecode.c.objc; path = AspectFitWithRatioView.m; sourceTree = "<group>"; };
		E2C84B341E6AB2B8009B110F /* BasicAnimatedView.h */ = {isa = PBXFileReference; fileEncoding = 4; lastKnownFileType = sourcecode.c.h; path = BasicAnimatedView.h; sourceTree = "<group>"; };
		E2C84B351E6AB2B8009B110F /* BasicAnimatedView.m */ = {isa = PBXFileReference; fileEncoding = 4; lastKnownFileType = sourcecode.c.objc; path = BasicAnimatedView.m; sourceTree = "<group>"; };
		E2DDA2321E50B65A00460BE5 /* UIColor+expanded.h */ = {isa = PBXFileReference; fileEncoding = 4; lastKnownFileType = sourcecode.c.h; path = "UIColor+expanded.h"; sourceTree = "<group>"; };
		E2DDA2331E50B65A00460BE5 /* UIColor+expanded.m */ = {isa = PBXFileReference; fileEncoding = 4; lastKnownFileType = sourcecode.c.objc; path = "UIColor+expanded.m"; sourceTree = "<group>"; };
		E2DDA2361E50BDA300460BE5 /* ConsoleToChineseViewController.h */ = {isa = PBXFileReference; fileEncoding = 4; lastKnownFileType = sourcecode.c.h; path = ConsoleToChineseViewController.h; sourceTree = "<group>"; };
		E2DDA2371E50BDA300460BE5 /* ConsoleToChineseViewController.m */ = {isa = PBXFileReference; fileEncoding = 4; lastKnownFileType = sourcecode.c.objc; path = ConsoleToChineseViewController.m; sourceTree = "<group>"; };
		E2DDA2381E50BDA300460BE5 /* ConsoleToChineseViewController.xib */ = {isa = PBXFileReference; fileEncoding = 4; lastKnownFileType = file.xib; path = ConsoleToChineseViewController.xib; sourceTree = "<group>"; };
		E2DDA23E1E50BDD100460BE5 /* LocalAuthenticationViewController.h */ = {isa = PBXFileReference; fileEncoding = 4; lastKnownFileType = sourcecode.c.h; path = LocalAuthenticationViewController.h; sourceTree = "<group>"; };
		E2DDA23F1E50BDD100460BE5 /* LocalAuthenticationViewController.m */ = {isa = PBXFileReference; fileEncoding = 4; lastKnownFileType = sourcecode.c.objc; path = LocalAuthenticationViewController.m; sourceTree = "<group>"; };
		E2DDA2401E50BDD100460BE5 /* LocalAuthenticationViewController.xib */ = {isa = PBXFileReference; fileEncoding = 4; lastKnownFileType = file.xib; path = LocalAuthenticationViewController.xib; sourceTree = "<group>"; };
		E2DDA2451E50BE0B00460BE5 /* DateChooseViewController.h */ = {isa = PBXFileReference; fileEncoding = 4; lastKnownFileType = sourcecode.c.h; path = DateChooseViewController.h; sourceTree = "<group>"; };
		E2DDA2461E50BE0B00460BE5 /* DateChooseViewController.m */ = {isa = PBXFileReference; fileEncoding = 4; lastKnownFileType = sourcecode.c.objc; path = DateChooseViewController.m; sourceTree = "<group>"; };
		E2DDA2471E50BE0B00460BE5 /* DateChooseViewController.xib */ = {isa = PBXFileReference; fileEncoding = 4; lastKnownFileType = file.xib; path = DateChooseViewController.xib; sourceTree = "<group>"; };
		E2DDA24C1E50BE2000460BE5 /* LoginViewController.h */ = {isa = PBXFileReference; fileEncoding = 4; lastKnownFileType = sourcecode.c.h; path = LoginViewController.h; sourceTree = "<group>"; };
		E2DDA24D1E50BE2000460BE5 /* LoginViewController.m */ = {isa = PBXFileReference; fileEncoding = 4; lastKnownFileType = sourcecode.c.objc; path = LoginViewController.m; sourceTree = "<group>"; };
		E2DDA24E1E50BE2000460BE5 /* LoginViewController.xib */ = {isa = PBXFileReference; fileEncoding = 4; lastKnownFileType = file.xib; path = LoginViewController.xib; sourceTree = "<group>"; };
		E2DDA2521E50BE6A00460BE5 /* GifViewController.h */ = {isa = PBXFileReference; fileEncoding = 4; lastKnownFileType = sourcecode.c.h; path = GifViewController.h; sourceTree = "<group>"; };
		E2DDA2531E50BE6A00460BE5 /* GifViewController.m */ = {isa = PBXFileReference; fileEncoding = 4; lastKnownFileType = sourcecode.c.objc; path = GifViewController.m; sourceTree = "<group>"; };
		E2DDA2541E50BE6A00460BE5 /* GifViewController.xib */ = {isa = PBXFileReference; fileEncoding = 4; lastKnownFileType = file.xib; path = GifViewController.xib; sourceTree = "<group>"; };
		E2DDA2581E50BE8000460BE5 /* HomeViewController.h */ = {isa = PBXFileReference; fileEncoding = 4; lastKnownFileType = sourcecode.c.h; path = HomeViewController.h; sourceTree = "<group>"; };
		E2DDA2591E50BE8000460BE5 /* HomeViewController.m */ = {isa = PBXFileReference; fileEncoding = 4; lastKnownFileType = sourcecode.c.objc; path = HomeViewController.m; sourceTree = "<group>"; };
		E2DDA25A1E50BE8000460BE5 /* HomeViewController.xib */ = {isa = PBXFileReference; fileEncoding = 4; lastKnownFileType = file.xib; path = HomeViewController.xib; sourceTree = "<group>"; };
		E2DDA25F1E50BEB900460BE5 /* ScanQrcodeViewController.h */ = {isa = PBXFileReference; fileEncoding = 4; lastKnownFileType = sourcecode.c.h; path = ScanQrcodeViewController.h; sourceTree = "<group>"; };
		E2DDA2601E50BEB900460BE5 /* ScanQrcodeViewController.m */ = {isa = PBXFileReference; fileEncoding = 4; lastKnownFileType = sourcecode.c.objc; path = ScanQrcodeViewController.m; sourceTree = "<group>"; };
		E2DDA2641E50BF1100460BE5 /* BaseNavigationViewController.h */ = {isa = PBXFileReference; fileEncoding = 4; lastKnownFileType = sourcecode.c.h; path = BaseNavigationViewController.h; sourceTree = "<group>"; };
		E2DDA2651E50BF1100460BE5 /* BaseNavigationViewController.m */ = {isa = PBXFileReference; fileEncoding = 4; lastKnownFileType = sourcecode.c.objc; path = BaseNavigationViewController.m; sourceTree = "<group>"; };
		E2DDA2661E50BF1100460BE5 /* BaseTabBarViewController.h */ = {isa = PBXFileReference; fileEncoding = 4; lastKnownFileType = sourcecode.c.h; path = BaseTabBarViewController.h; sourceTree = "<group>"; };
		E2DDA2671E50BF1100460BE5 /* BaseTabBarViewController.m */ = {isa = PBXFileReference; fileEncoding = 4; lastKnownFileType = sourcecode.c.objc; path = BaseTabBarViewController.m; sourceTree = "<group>"; };
		E2DDA2681E50BF1100460BE5 /* BaseViewController.h */ = {isa = PBXFileReference; fileEncoding = 4; lastKnownFileType = sourcecode.c.h; path = BaseViewController.h; sourceTree = "<group>"; };
		E2DDA2691E50BF1100460BE5 /* BaseViewController.m */ = {isa = PBXFileReference; fileEncoding = 4; lastKnownFileType = sourcecode.c.objc; path = BaseViewController.m; sourceTree = "<group>"; };
		E2DDA2761E50C2C500460BE5 /* ApplicationViewController.h */ = {isa = PBXFileReference; fileEncoding = 4; lastKnownFileType = sourcecode.c.h; path = ApplicationViewController.h; sourceTree = "<group>"; };
		E2DDA2771E50C2C500460BE5 /* ApplicationViewController.m */ = {isa = PBXFileReference; fileEncoding = 4; lastKnownFileType = sourcecode.c.objc; path = ApplicationViewController.m; sourceTree = "<group>"; };
		E2EF65F91E6AB5FF007F5089 /* UserMarginView.h */ = {isa = PBXFileReference; fileEncoding = 4; lastKnownFileType = sourcecode.c.h; path = UserMarginView.h; sourceTree = "<group>"; };
		E2EF65FA1E6AB5FF007F5089 /* UserMarginView.m */ = {isa = PBXFileReference; fileEncoding = 4; lastKnownFileType = sourcecode.c.objc; path = UserMarginView.m; sourceTree = "<group>"; };
		E2EF65FC1E6AB67B007F5089 /* UpdateArrayViews.h */ = {isa = PBXFileReference; fileEncoding = 4; lastKnownFileType = sourcecode.c.h; path = UpdateArrayViews.h; sourceTree = "<group>"; };
		E2EF65FD1E6AB67B007F5089 /* UpdateArrayViews.m */ = {isa = PBXFileReference; fileEncoding = 4; lastKnownFileType = sourcecode.c.objc; path = UpdateArrayViews.m; sourceTree = "<group>"; };
/* End PBXFileReference section */

/* Begin PBXFrameworksBuildPhase section */
		E240750B1E21CEC100E9692A /* Frameworks */ = {
			isa = PBXFrameworksBuildPhase;
			buildActionMask = 2147483647;
			files = (
				C72A5BA0D049F84F224BB5B1 /* libPods-LearnSummarize.a in Frameworks */,
			);
			runOnlyForDeploymentPostprocessing = 0;
		};
		E24075241E21CEC100E9692A /* Frameworks */ = {
			isa = PBXFrameworksBuildPhase;
			buildActionMask = 2147483647;
			files = (
			);
			runOnlyForDeploymentPostprocessing = 0;
		};
		E240752F1E21CEC100E9692A /* Frameworks */ = {
			isa = PBXFrameworksBuildPhase;
			buildActionMask = 2147483647;
			files = (
			);
			runOnlyForDeploymentPostprocessing = 0;
		};
/* End PBXFrameworksBuildPhase section */

/* Begin PBXGroup section */
		3E884DBCDD2970E3E762FD2B /* Pods */ = {
			isa = PBXGroup;
			children = (
				9DAF3859DF87CE9EEAE50F4B /* Pods-LearnSummarize.debug.xcconfig */,
				0F03D717558220CD15DD8D3A /* Pods-LearnSummarize.release.xcconfig */,
			);
			name = Pods;
			sourceTree = "<group>";
		};
		674EB7F81E7BD00000C9F7B5 /* Wifi */ = {
			isa = PBXGroup;
			children = (
				674EB7F91E7BD00000C9F7B5 /* Controller */,
				674EB7FC1E7BD00000C9F7B5 /* View */,
			);
			path = Wifi;
			sourceTree = "<group>";
		};
		674EB7F91E7BD00000C9F7B5 /* Controller */ = {
			isa = PBXGroup;
			children = (
				674EB7FA1E7BD00000C9F7B5 /* WifiViewController.h */,
				674EB7FB1E7BD00000C9F7B5 /* WifiViewController.m */,
			);
			path = Controller;
			sourceTree = "<group>";
		};
		674EB7FC1E7BD00000C9F7B5 /* View */ = {
			isa = PBXGroup;
			children = (
			);
			path = View;
			sourceTree = "<group>";
		};
		E2080BEB1E68642000C23BF3 /* SoftKey */ = {
			isa = PBXGroup;
			children = (
				E2080BF31E68649C00C23BF3 /* Controller */,
				E2080BF41E68649C00C23BF3 /* View */,
			);
			path = SoftKey;
			sourceTree = "<group>";
		};
		E2080BEC1E68646000C23BF3 /* Controller */ = {
			isa = PBXGroup;
			children = (
				E2080BED1E68646000C23BF3 /* EmotionViewController.h */,
				E2080BEE1E68646000C23BF3 /* EmotionViewController.m */,
				E2080BEF1E68646000C23BF3 /* EmotionViewController.xib */,
			);
			path = Controller;
			sourceTree = "<group>";
		};
		E2080BF01E68646000C23BF3 /* View */ = {
			isa = PBXGroup;
			children = (
			);
			path = View;
			sourceTree = "<group>";
		};
		E2080BF31E68649C00C23BF3 /* Controller */ = {
			isa = PBXGroup;
			children = (
				E2080BF51E6864D500C23BF3 /* SoftKeyViewController.h */,
				E2080BF61E6864D500C23BF3 /* SoftKeyViewController.m */,
				E2080BF71E6864D500C23BF3 /* SoftKeyViewController.xib */,
			);
			path = Controller;
			sourceTree = "<group>";
		};
		E2080BF41E68649C00C23BF3 /* View */ = {
			isa = PBXGroup;
			children = (
			);
			path = View;
			sourceTree = "<group>";
		};
		E2080BFA1E686FFF00C23BF3 /* ScrollView */ = {
			isa = PBXGroup;
			children = (
				E2080BFB1E686FFF00C23BF3 /* Controller */,
				E2080BFC1E686FFF00C23BF3 /* View */,
			);
			path = ScrollView;
			sourceTree = "<group>";
		};
		E2080BFB1E686FFF00C23BF3 /* Controller */ = {
			isa = PBXGroup;
			children = (
				E2080BFD1E68703C00C23BF3 /* ScrollViewViewController.h */,
				E2080BFE1E68703C00C23BF3 /* ScrollViewViewController.m */,
				E2080BFF1E68703C00C23BF3 /* ScrollViewViewController.xib */,
			);
			path = Controller;
			sourceTree = "<group>";
		};
		E2080BFC1E686FFF00C23BF3 /* View */ = {
			isa = PBXGroup;
			children = (
			);
			path = View;
			sourceTree = "<group>";
		};
		E21B215F1E6061270076D2A6 /* Label */ = {
			isa = PBXGroup;
			children = (
				E2080BEC1E68646000C23BF3 /* Controller */,
				E2080BF01E68646000C23BF3 /* View */,
			);
			path = Label;
			sourceTree = "<group>";
		};
		E24075051E21CEC100E9692A = {
			isa = PBXGroup;
			children = (
				E24075101E21CEC100E9692A /* LearnSummarize */,
				E240752A1E21CEC100E9692A /* LearnSummarizeTests */,
				E24075351E21CEC100E9692A /* LearnSummarizeUITests */,
				E240750F1E21CEC100E9692A /* Products */,
				3E884DBCDD2970E3E762FD2B /* Pods */,
				F955FAA087FC3165B736DDAF /* Frameworks */,
			);
			sourceTree = "<group>";
		};
		E240750F1E21CEC100E9692A /* Products */ = {
			isa = PBXGroup;
			children = (
				E240750E1E21CEC100E9692A /* LearnSummarize.app */,
				E24075271E21CEC100E9692A /* LearnSummarizeTests.xctest */,
				E24075321E21CEC100E9692A /* LearnSummarizeUITests.xctest */,
			);
			name = Products;
			sourceTree = "<group>";
		};
		E24075101E21CEC100E9692A /* LearnSummarize */ = {
			isa = PBXGroup;
			children = (
				E279B37E1E533B9400699A5B /* Other */,
				E27CCBAA1E339414009BBDAF /* Images */,
				E240754B1E21D98400E9692A /* Constants */,
				E240754C1E21D98400E9692A /* Controllers */,
				E24075501E21D98400E9692A /* Models */,
				E24075511E21D98400E9692A /* ThirdParties */,
				E24075521E21D98400E9692A /* Utils */,
				E24075531E21D98400E9692A /* View */,
				E24075141E21CEC100E9692A /* AppDelegate.h */,
				E24075151E21CEC100E9692A /* AppDelegate.m */,
				E240751D1E21CEC100E9692A /* Assets.xcassets */,
				E24075441E21D33700E9692A /* Base.lproj */,
				E24075111E21CEC100E9692A /* Supporting Files */,
			);
			path = LearnSummarize;
			sourceTree = "<group>";
		};
		E24075111E21CEC100E9692A /* Supporting Files */ = {
			isa = PBXGroup;
			children = (
				E24075221E21CEC100E9692A /* Info.plist */,
				E24075551E21DBAC00E9692A /* LearnSummarize.pch */,
				E24075121E21CEC100E9692A /* main.m */,
			);
			name = "Supporting Files";
			sourceTree = "<group>";
		};
		E240752A1E21CEC100E9692A /* LearnSummarizeTests */ = {
			isa = PBXGroup;
			children = (
				E240752B1E21CEC100E9692A /* LearnSummarizeTests.m */,
				E240752D1E21CEC100E9692A /* Info.plist */,
			);
			path = LearnSummarizeTests;
			sourceTree = "<group>";
		};
		E24075351E21CEC100E9692A /* LearnSummarizeUITests */ = {
			isa = PBXGroup;
			children = (
				E24075361E21CEC100E9692A /* LearnSummarizeUITests.m */,
				E24075381E21CEC100E9692A /* Info.plist */,
			);
			path = LearnSummarizeUITests;
			sourceTree = "<group>";
		};
		E24075441E21D33700E9692A /* Base.lproj */ = {
			isa = PBXGroup;
			children = (
				E24075451E21D33700E9692A /* LaunchScreen.storyboard */,
			);
			path = Base.lproj;
			sourceTree = "<group>";
		};
		E240754B1E21D98400E9692A /* Constants */ = {
			isa = PBXGroup;
			children = (
				E24075561E21E1C700E9692A /* ServerConfig.h */,
				E24075671E21F39000E9692A /* Common.h */,
			);
			path = Constants;
			sourceTree = "<group>";
		};
		E240754C1E21D98400E9692A /* Controllers */ = {
			isa = PBXGroup;
			children = (
				674EB7F81E7BD00000C9F7B5 /* Wifi */,
				E2C84B1C1E6A8541009B110F /* Masonry */,
				E2080BFA1E686FFF00C23BF3 /* ScrollView */,
				E2080BEB1E68642000C23BF3 /* SoftKey */,
				E21B215F1E6061270076D2A6 /* Label */,
				E2DDA2731E50C27C00460BE5 /* Application */,
				E2DDA22C1E50B0DF00460BE5 /* ConsoleToChinese */,
				E27CCBB11E339469009BBDAF /* Img */,
				E26D45E11E324BBD00F6935B /* Authentication */,
				E24075C91E226B0A00E9692A /* Dialog */,
				E24075971E222F1E00E9692A /* Login */,
				E240754D1E21D98400E9692A /* Main */,
				E240754E1E21D98400E9692A /* RootControllers */,
				E240754F1E21D98400E9692A /* Tools */,
			);
			path = Controllers;
			sourceTree = "<group>";
		};
		E240754D1E21D98400E9692A /* Main */ = {
			isa = PBXGroup;
			children = (
				E2DDA2571E50BE8000460BE5 /* Controller */,
				E2DDA25B1E50BE8000460BE5 /* View */,
			);
			path = Main;
			sourceTree = "<group>";
		};
		E240754E1E21D98400E9692A /* RootControllers */ = {
			isa = PBXGroup;
			children = (
				E2DDA2631E50BF1100460BE5 /* Controller */,
				E2DDA26A1E50BF1100460BE5 /* View */,
			);
			path = RootControllers;
			sourceTree = "<group>";
		};
		E240754F1E21D98400E9692A /* Tools */ = {
			isa = PBXGroup;
			children = (
				E2DDA25E1E50BEB900460BE5 /* Controller */,
				E2DDA2611E50BEB900460BE5 /* View */,
			);
			path = Tools;
			sourceTree = "<group>";
		};
		E24075501E21D98400E9692A /* Models */ = {
			isa = PBXGroup;
			children = (
				E24075A01E22326000E9692A /* Base */,
				E240756B1E21FC7E00E9692A /* PageModel.h */,
				E240756C1E21FC7E00E9692A /* PageModel.m */,
				E24075A41E22329A00E9692A /* LoginModel.h */,
				E24075A51E22329A00E9692A /* LoginModel.m */,
				E2588F951E617F7C00B55ADC /* ImageModel.h */,
				E2588F961E617F7C00B55ADC /* ImageModel.m */,
			);
			path = Models;
			sourceTree = "<group>";
		};
		E24075511E21D98400E9692A /* ThirdParties */ = {
			isa = PBXGroup;
			children = (
			);
			path = ThirdParties;
			sourceTree = "<group>";
		};
		E24075521E21D98400E9692A /* Utils */ = {
			isa = PBXGroup;
			children = (
				E26D45EC1E326AB200F6935B /* TouchID */,
				E24075C11E2246F400E9692A /* Network */,
				E24075901E2225A400E9692A /* scrollAdView */,
				E240756E1E22031000E9692A /* UIKit */,
				E24075541E21D9C400E9692A /* Singleton.h */,
				E24075571E21E5FD00E9692A /* SysUtil.h */,
				E24075581E21E5FD00E9692A /* SysUtil.m */,
				E240755D1E21E78600E9692A /* NSString+Common.h */,
				E240755E1E21E78600E9692A /* NSString+Common.m */,
				E24075601E21E9D900E9692A /* NSDate+Common.h */,
				E24075611E21E9D900E9692A /* NSDate+Common.m */,
				E24075871E2213DA00E9692A /* MainUtil.h */,
				E24075881E2213DA00E9692A /* MainUtil.m */,
				E240759D1E2231F500E9692A /* AccountTool.h */,
				E240759E1E2231F500E9692A /* AccountTool.m */,
				E24075A71E2232F600E9692A /* SaveArray.h */,
				E24075A81E2232F600E9692A /* SaveArray.m */,
			);
			path = Utils;
			sourceTree = "<group>";
		};
		E24075531E21D98400E9692A /* View */ = {
			isa = PBXGroup;
			children = (
				E26D45E71E324E4700F6935B /* Menu */,
				E24075C21E22674500E9692A /* LTSDateChoose */,
			);
			name = View;
			path = Views;
			sourceTree = "<group>";
		};
		E240756E1E22031000E9692A /* UIKit */ = {
			isa = PBXGroup;
			children = (
				E21B215C1E6060C50076D2A6 /* UILabel+AttributedString.h */,
				E21B215D1E6060C50076D2A6 /* UILabel+AttributedString.m */,
				E2DDA2321E50B65A00460BE5 /* UIColor+expanded.h */,
				E2DDA2331E50B65A00460BE5 /* UIColor+expanded.m */,
				E240756F1E22031000E9692A /* MessageUtil.h */,
				E24075701E22031000E9692A /* MessageUtil.m */,
				E24075721E22033400E9692A /* UIImage+Common.h */,
				E24075731E22033400E9692A /* UIImage+Common.m */,
				E24075811E220F9A00E9692A /* UIView+SDExtension.h */,
				E24075821E220F9A00E9692A /* UIView+SDExtension.m */,
				E24075841E2211B100E9692A /* UIBarButtonItem+Item.h */,
				E24075851E2211B100E9692A /* UIBarButtonItem+Item.m */,
				E24075AD1E22355500E9692A /* UIView+Extensions.h */,
				E24075AE1E22355500E9692A /* UIView+Extensions.m */,
				E24075BB1E2241F600E9692A /* UIImageView+Common.h */,
				E24075BC1E2241F600E9692A /* UIImageView+Common.m */,
			);
			path = UIKit;
			sourceTree = "<group>";
		};
		E24075901E2225A400E9692A /* scrollAdView */ = {
			isa = PBXGroup;
			children = (
				E24075931E2225A400E9692A /* JScrollView+PageControl+AutoScroll.h */,
				E24075941E2225A400E9692A /* JScrollView+PageControl+AutoScroll.m */,
				E24075B51E223EC400E9692A /* ScrollAdView.h */,
				E24075B61E223EC400E9692A /* ScrollAdView.m */,
			);
			path = scrollAdView;
			sourceTree = "<group>";
		};
		E24075971E222F1E00E9692A /* Login */ = {
			isa = PBXGroup;
			children = (
				E2DDA24B1E50BE2000460BE5 /* Controller */,
				E2DDA24F1E50BE2000460BE5 /* View */,
			);
			path = Login;
			sourceTree = "<group>";
		};
		E24075A01E22326000E9692A /* Base */ = {
			isa = PBXGroup;
			children = (
				E24075A11E22326000E9692A /* BaseModel.h */,
				E24075A21E22326000E9692A /* BaseModel.m */,
			);
			path = Base;
			sourceTree = "<group>";
		};
		E24075C11E2246F400E9692A /* Network */ = {
			isa = PBXGroup;
			children = (
			);
			path = Network;
			sourceTree = "<group>";
		};
		E24075C21E22674500E9692A /* LTSDateChoose */ = {
			isa = PBXGroup;
			children = (
				E24075C31E22674500E9692A /* LTSBaseAlertView.h */,
				E24075C41E22674500E9692A /* LTSBaseAlertView.m */,
				E24075C51E22674500E9692A /* LTSDateChoose.h */,
				E24075C61E22674500E9692A /* LTSDateChoose.m */,
			);
			path = LTSDateChoose;
			sourceTree = "<group>";
		};
		E24075C91E226B0A00E9692A /* Dialog */ = {
			isa = PBXGroup;
			children = (
				E2DDA2441E50BE0B00460BE5 /* Controller */,
				E2DDA2481E50BE0B00460BE5 /* View */,
			);
			path = Dialog;
			sourceTree = "<group>";
		};
		E2588F8F1E6174A200B55ADC /* DWParticleEmitter */ = {
			isa = PBXGroup;
			children = (
				E2588F931E61753900B55ADC /* yuandanr.png */,
				E2588F901E6174A200B55ADC /* DWParticleEmitter.h */,
				E2588F911E6174A200B55ADC /* DWParticleEmitter.m */,
			);
			path = DWParticleEmitter;
			sourceTree = "<group>";
		};
		E2588F981E6185F000B55ADC /* Gif */ = {
			isa = PBXGroup;
			children = (
				E2588F991E6185F000B55ADC /* DebugView.h */,
				E2588F9A1E6185F000B55ADC /* DebugView.m */,
				E2588F9B1E6185F000B55ADC /* FrameCacheView.h */,
				E2588F9C1E6185F000B55ADC /* FrameCacheView.m */,
				E2588F9D1E6185F000B55ADC /* GraphView.h */,
				E2588F9E1E6185F000B55ADC /* GraphView.m */,
				E2588F9F1E6185F000B55ADC /* PlayheadView.h */,
				E2588FA01E6185F000B55ADC /* PlayheadView.m */,
				E2588FA11E6185F000B55ADC /* RSPlayPauseButton.h */,
				E2588FA21E6185F000B55ADC /* RSPlayPauseButton.m */,
			);
			path = Gif;
			sourceTree = "<group>";
		};
		E26D45E11E324BBD00F6935B /* Authentication */ = {
			isa = PBXGroup;
			children = (
				E2DDA23D1E50BDD100460BE5 /* Controller */,
				E2DDA2411E50BDD100460BE5 /* View */,
			);
			path = Authentication;
			sourceTree = "<group>";
		};
		E26D45E71E324E4700F6935B /* Menu */ = {
			isa = PBXGroup;
			children = (
				674EB7FE1E7BD0C200C9F7B5 /* DMDropDownMenu.m */,
				674EB7FF1E7BD0C200C9F7B5 /* DMDropDownMenu.h */,
				E26D45E81E324E6800F6935B /* DropDownMenu.h */,
				E26D45E91E324E6800F6935B /* DropDownMenu.m */,
			);
			path = Menu;
			sourceTree = "<group>";
		};
		E26D45EC1E326AB200F6935B /* TouchID */ = {
			isa = PBXGroup;
			children = (
				E26D45ED1E326AC900F6935B /* TouchID.h */,
				E26D45EE1E326AC900F6935B /* TouchID.m */,
			);
			path = TouchID;
			sourceTree = "<group>";
		};
		E279B37E1E533B9400699A5B /* Other */ = {
			isa = PBXGroup;
			children = (
				E279B37F1E533B9F00699A5B /* test.vcf */,
			);
			path = Other;
			sourceTree = "<group>";
		};
		E27CCBAA1E339414009BBDAF /* Images */ = {
			isa = PBXGroup;
			children = (
				E27CCBAB1E339414009BBDAF /* gif1.gif */,
				E27CCBAC1E339414009BBDAF /* gif2.gif */,
				E27CCBAD1E339414009BBDAF /* gif3.gif */,
			);
			path = Images;
			sourceTree = "<group>";
		};
		E27CCBB11E339469009BBDAF /* Img */ = {
			isa = PBXGroup;
			children = (
				E2DDA23C1E50BDB700460BE5 /* Controller */,
				E27CCBB71E33BA66009BBDAF /* View */,
			);
			path = Img;
			sourceTree = "<group>";
		};
		E27CCBB71E33BA66009BBDAF /* View */ = {
			isa = PBXGroup;
			children = (
				E2588F981E6185F000B55ADC /* Gif */,
				E2588F8F1E6174A200B55ADC /* DWParticleEmitter */,
				E2588FA81E61862300B55ADC /* SDWebImageCollectionViewCell.h */,
				E2588FA91E61862300B55ADC /* SDWebImageCollectionViewCell.m */,
			);
			path = View;
			sourceTree = "<group>";
		};
		E2C84B1C1E6A8541009B110F /* Masonry */ = {
			isa = PBXGroup;
			children = (
				E2C84B1D1E6A8541009B110F /* Controller */,
				E2C84B1E1E6A8541009B110F /* View */,
			);
			path = Masonry;
			sourceTree = "<group>";
		};
		E2C84B1D1E6A8541009B110F /* Controller */ = {
			isa = PBXGroup;
			children = (
				E2C84B1F1E6A8596009B110F /* MasonryTableViewController.h */,
				E2C84B201E6A8596009B110F /* MasonryTableViewController.m */,
				E2C84B251E6A9353009B110F /* SubViewController.h */,
				E2C84B261E6A9353009B110F /* SubViewController.m */,
			);
			path = Controller;
			sourceTree = "<group>";
		};
		E2C84B1E1E6A8541009B110F /* View */ = {
			isa = PBXGroup;
			children = (
				E2C84B221E6A8C1D009B110F /* UpdateConstraintView.h */,
				E2C84B231E6A8C1D009B110F /* UpdateConstraintView.m */,
				E2C84B281E6A9512009B110F /* RemakeConstraintView.h */,
				E2C84B291E6A9512009B110F /* RemakeConstraintView.m */,
				E2C84B2B1E6AAC5B009B110F /* UseConstantsView.h */,
				E2C84B2C1E6AAC5B009B110F /* UseConstantsView.m */,
				E2C84B2E1E6AAF03009B110F /* UseEdgesInsetView.h */,
				E2C84B2F1E6AAF03009B110F /* UseEdgesInsetView.m */,
				E2C84B311E6AB120009B110F /* AspectFitWithRatioView.h */,
				E2C84B321E6AB120009B110F /* AspectFitWithRatioView.m */,
				E2C84B341E6AB2B8009B110F /* BasicAnimatedView.h */,
				E2C84B351E6AB2B8009B110F /* BasicAnimatedView.m */,
				E2EF65F91E6AB5FF007F5089 /* UserMarginView.h */,
				E2EF65FA1E6AB5FF007F5089 /* UserMarginView.m */,
				E2EF65FC1E6AB67B007F5089 /* UpdateArrayViews.h */,
				E2EF65FD1E6AB67B007F5089 /* UpdateArrayViews.m */,
			);
			path = View;
			sourceTree = "<group>";
		};
		E2DDA22C1E50B0DF00460BE5 /* ConsoleToChinese */ = {
			isa = PBXGroup;
			children = (
				E2DDA2351E50BDA300460BE5 /* Controller */,
				E2DDA2391E50BDA300460BE5 /* View */,
			);
			path = ConsoleToChinese;
			sourceTree = "<group>";
		};
		E2DDA2351E50BDA300460BE5 /* Controller */ = {
			isa = PBXGroup;
			children = (
				E2DDA2361E50BDA300460BE5 /* ConsoleToChineseViewController.h */,
				E2DDA2371E50BDA300460BE5 /* ConsoleToChineseViewController.m */,
				E2DDA2381E50BDA300460BE5 /* ConsoleToChineseViewController.xib */,
			);
			path = Controller;
			sourceTree = "<group>";
		};
		E2DDA2391E50BDA300460BE5 /* View */ = {
			isa = PBXGroup;
			children = (
			);
			path = View;
			sourceTree = "<group>";
		};
		E2DDA23C1E50BDB700460BE5 /* Controller */ = {
			isa = PBXGroup;
			children = (
				E2DDA2521E50BE6A00460BE5 /* GifViewController.h */,
				E2DDA2531E50BE6A00460BE5 /* GifViewController.m */,
				E2DDA2541E50BE6A00460BE5 /* GifViewController.xib */,
				E2588F851E61721500B55ADC /* SDWebImageViewController.h */,
				E2588F861E61721500B55ADC /* SDWebImageViewController.m */,
				E2588F8A1E61746900B55ADC /* ParticleEmitterViewController.h */,
				E2588F8B1E61746900B55ADC /* ParticleEmitterViewController.m */,
				E2588F8C1E61746900B55ADC /* ParticleEmitterViewController.xib */,
			);
			path = Controller;
			sourceTree = "<group>";
		};
		E2DDA23D1E50BDD100460BE5 /* Controller */ = {
			isa = PBXGroup;
			children = (
				E2DDA23E1E50BDD100460BE5 /* LocalAuthenticationViewController.h */,
				E2DDA23F1E50BDD100460BE5 /* LocalAuthenticationViewController.m */,
				E2DDA2401E50BDD100460BE5 /* LocalAuthenticationViewController.xib */,
			);
			path = Controller;
			sourceTree = "<group>";
		};
		E2DDA2411E50BDD100460BE5 /* View */ = {
			isa = PBXGroup;
			children = (
			);
			path = View;
			sourceTree = "<group>";
		};
		E2DDA2441E50BE0B00460BE5 /* Controller */ = {
			isa = PBXGroup;
			children = (
				E2DDA2451E50BE0B00460BE5 /* DateChooseViewController.h */,
				E2DDA2461E50BE0B00460BE5 /* DateChooseViewController.m */,
				E2DDA2471E50BE0B00460BE5 /* DateChooseViewController.xib */,
			);
			path = Controller;
			sourceTree = "<group>";
		};
		E2DDA2481E50BE0B00460BE5 /* View */ = {
			isa = PBXGroup;
			children = (
			);
			path = View;
			sourceTree = "<group>";
		};
		E2DDA24B1E50BE2000460BE5 /* Controller */ = {
			isa = PBXGroup;
			children = (
				E2DDA24C1E50BE2000460BE5 /* LoginViewController.h */,
				E2DDA24D1E50BE2000460BE5 /* LoginViewController.m */,
				E2DDA24E1E50BE2000460BE5 /* LoginViewController.xib */,
			);
			path = Controller;
			sourceTree = "<group>";
		};
		E2DDA24F1E50BE2000460BE5 /* View */ = {
			isa = PBXGroup;
			children = (
			);
			path = View;
			sourceTree = "<group>";
		};
		E2DDA2571E50BE8000460BE5 /* Controller */ = {
			isa = PBXGroup;
			children = (
				E2DDA2581E50BE8000460BE5 /* HomeViewController.h */,
				E2DDA2591E50BE8000460BE5 /* HomeViewController.m */,
				E2DDA25A1E50BE8000460BE5 /* HomeViewController.xib */,
			);
			path = Controller;
			sourceTree = "<group>";
		};
		E2DDA25B1E50BE8000460BE5 /* View */ = {
			isa = PBXGroup;
			children = (
				E2384ED31E531FF900E84671 /* CommonTextTableViewCell.h */,
				E2384ED41E531FF900E84671 /* CommonTextTableViewCell.m */,
				E2384ED51E531FF900E84671 /* CommonTextTableViewCell.xib */,
			);
			path = View;
			sourceTree = "<group>";
		};
		E2DDA25E1E50BEB900460BE5 /* Controller */ = {
			isa = PBXGroup;
			children = (
				E2DDA25F1E50BEB900460BE5 /* ScanQrcodeViewController.h */,
				E2DDA2601E50BEB900460BE5 /* ScanQrcodeViewController.m */,
				E2384EDA1E5329DA00E84671 /* MailViewController.h */,
				E2384EDB1E5329DA00E84671 /* MailViewController.m */,
				E2384EDC1E5329DA00E84671 /* MailViewController.xib */,
				E247F7A41E5B0258004D866F /* ShellViewController.h */,
				E247F7A51E5B0258004D866F /* ShellViewController.m */,
				E247F7A61E5B0258004D866F /* ShellViewController.xib */,
			);
			path = Controller;
			sourceTree = "<group>";
		};
		E2DDA2611E50BEB900460BE5 /* View */ = {
			isa = PBXGroup;
			children = (
			);
			path = View;
			sourceTree = "<group>";
		};
		E2DDA2631E50BF1100460BE5 /* Controller */ = {
			isa = PBXGroup;
			children = (
				E2DDA2641E50BF1100460BE5 /* BaseNavigationViewController.h */,
				E2DDA2651E50BF1100460BE5 /* BaseNavigationViewController.m */,
				E2DDA2661E50BF1100460BE5 /* BaseTabBarViewController.h */,
				E2DDA2671E50BF1100460BE5 /* BaseTabBarViewController.m */,
				E2DDA2681E50BF1100460BE5 /* BaseViewController.h */,
				E2DDA2691E50BF1100460BE5 /* BaseViewController.m */,
			);
			path = Controller;
			sourceTree = "<group>";
		};
		E2DDA26A1E50BF1100460BE5 /* View */ = {
			isa = PBXGroup;
			children = (
			);
			path = View;
			sourceTree = "<group>";
		};
		E2DDA2731E50C27C00460BE5 /* Application */ = {
			isa = PBXGroup;
			children = (
				E2DDA2741E50C27C00460BE5 /* Controller */,
				E2DDA2751E50C27C00460BE5 /* View */,
			);
			path = Application;
			sourceTree = "<group>";
		};
		E2DDA2741E50C27C00460BE5 /* Controller */ = {
			isa = PBXGroup;
			children = (
				E2DDA2761E50C2C500460BE5 /* ApplicationViewController.h */,
				E2DDA2771E50C2C500460BE5 /* ApplicationViewController.m */,
				E2384ED81E53244F00E84671 /* ApplicationViewController.xib */,
			);
			path = Controller;
			sourceTree = "<group>";
		};
		E2DDA2751E50C27C00460BE5 /* View */ = {
			isa = PBXGroup;
			children = (
			);
			path = View;
			sourceTree = "<group>";
		};
		F955FAA087FC3165B736DDAF /* Frameworks */ = {
			isa = PBXGroup;
			children = (
				7B679F058D7266339C72B235 /* libPods-LearnSummarize.a */,
			);
			name = Frameworks;
			sourceTree = "<group>";
		};
/* End PBXGroup section */

/* Begin PBXNativeTarget section */
		E240750D1E21CEC100E9692A /* LearnSummarize */ = {
			isa = PBXNativeTarget;
			buildConfigurationList = E240753B1E21CEC100E9692A /* Build configuration list for PBXNativeTarget "LearnSummarize" */;
			buildPhases = (
				093724D83C9EA59E7F724A0E /* [CP] Check Pods Manifest.lock */,
				E240750A1E21CEC100E9692A /* Sources */,
				E240750B1E21CEC100E9692A /* Frameworks */,
				E240750C1E21CEC100E9692A /* Resources */,
				8E69C18FDAF4308E4BDEA881 /* [CP] Embed Pods Frameworks */,
				AB52E646D1278C4519B05388 /* [CP] Copy Pods Resources */,
			);
			buildRules = (
			);
			dependencies = (
			);
			name = LearnSummarize;
			productName = LearnSummarize;
			productReference = E240750E1E21CEC100E9692A /* LearnSummarize.app */;
			productType = "com.apple.product-type.application";
		};
		E24075261E21CEC100E9692A /* LearnSummarizeTests */ = {
			isa = PBXNativeTarget;
			buildConfigurationList = E240753E1E21CEC100E9692A /* Build configuration list for PBXNativeTarget "LearnSummarizeTests" */;
			buildPhases = (
				E24075231E21CEC100E9692A /* Sources */,
				E24075241E21CEC100E9692A /* Frameworks */,
				E24075251E21CEC100E9692A /* Resources */,
			);
			buildRules = (
			);
			dependencies = (
				E24075291E21CEC100E9692A /* PBXTargetDependency */,
			);
			name = LearnSummarizeTests;
			productName = LearnSummarizeTests;
			productReference = E24075271E21CEC100E9692A /* LearnSummarizeTests.xctest */;
			productType = "com.apple.product-type.bundle.unit-test";
		};
		E24075311E21CEC100E9692A /* LearnSummarizeUITests */ = {
			isa = PBXNativeTarget;
			buildConfigurationList = E24075411E21CEC100E9692A /* Build configuration list for PBXNativeTarget "LearnSummarizeUITests" */;
			buildPhases = (
				E240752E1E21CEC100E9692A /* Sources */,
				E240752F1E21CEC100E9692A /* Frameworks */,
				E24075301E21CEC100E9692A /* Resources */,
			);
			buildRules = (
			);
			dependencies = (
				E24075341E21CEC100E9692A /* PBXTargetDependency */,
			);
			name = LearnSummarizeUITests;
			productName = LearnSummarizeUITests;
			productReference = E24075321E21CEC100E9692A /* LearnSummarizeUITests.xctest */;
			productType = "com.apple.product-type.bundle.ui-testing";
		};
/* End PBXNativeTarget section */

/* Begin PBXProject section */
		E24075061E21CEC100E9692A /* Project object */ = {
			isa = PBXProject;
			attributes = {
				CLASSPREFIX = "";
				LastUpgradeCheck = 0820;
				ORGANIZATIONNAME = chenshun131;
				TargetAttributes = {
					E240750D1E21CEC100E9692A = {
						CreatedOnToolsVersion = 8.2.1;
						DevelopmentTeam = DUD9TSG469;
						ProvisioningStyle = Manual;
					};
					E24075261E21CEC100E9692A = {
						CreatedOnToolsVersion = 8.2.1;
						ProvisioningStyle = Automatic;
						TestTargetID = E240750D1E21CEC100E9692A;
					};
					E24075311E21CEC100E9692A = {
						CreatedOnToolsVersion = 8.2.1;
						ProvisioningStyle = Automatic;
						TestTargetID = E240750D1E21CEC100E9692A;
					};
				};
			};
			buildConfigurationList = E24075091E21CEC100E9692A /* Build configuration list for PBXProject "LearnSummarize" */;
			compatibilityVersion = "Xcode 3.2";
			developmentRegion = English;
			hasScannedForEncodings = 0;
			knownRegions = (
				en,
				Base,
			);
			mainGroup = E24075051E21CEC100E9692A;
			productRefGroup = E240750F1E21CEC100E9692A /* Products */;
			projectDirPath = "";
			projectRoot = "";
			targets = (
				E240750D1E21CEC100E9692A /* LearnSummarize */,
				E24075261E21CEC100E9692A /* LearnSummarizeTests */,
				E24075311E21CEC100E9692A /* LearnSummarizeUITests */,
			);
		};
/* End PBXProject section */

/* Begin PBXResourcesBuildPhase section */
		E240750C1E21CEC100E9692A /* Resources */ = {
			isa = PBXResourcesBuildPhase;
			buildActionMask = 2147483647;
			files = (
				E2080C011E68703C00C23BF3 /* ScrollViewViewController.xib in Resources */,
				E27CCBAE1E339414009BBDAF /* gif1.gif in Resources */,
				E2384EDE1E5329DA00E84671 /* MailViewController.xib in Resources */,
				E2080BF91E6864D500C23BF3 /* SoftKeyViewController.xib in Resources */,
				E27CCBAF1E339414009BBDAF /* gif2.gif in Resources */,
				E24075491E21D33700E9692A /* LaunchScreen.storyboard in Resources */,
				E2588F8E1E61746900B55ADC /* ParticleEmitterViewController.xib in Resources */,
				E27CCBB01E339414009BBDAF /* gif3.gif in Resources */,
				E2384ED71E531FF900E84671 /* CommonTextTableViewCell.xib in Resources */,
				E2DDA2431E50BDD100460BE5 /* LocalAuthenticationViewController.xib in Resources */,
				E2588F941E61753900B55ADC /* yuandanr.png in Resources */,
				E2080BF21E68646000C23BF3 /* EmotionViewController.xib in Resources */,
				E240751E1E21CEC100E9692A /* Assets.xcassets in Resources */,
				E2DDA2511E50BE2000460BE5 /* LoginViewController.xib in Resources */,
				E2384ED91E53244F00E84671 /* ApplicationViewController.xib in Resources */,
				E2DDA2561E50BE6A00460BE5 /* GifViewController.xib in Resources */,
				E2DDA24A1E50BE0B00460BE5 /* DateChooseViewController.xib in Resources */,
				E2DDA23B1E50BDA300460BE5 /* ConsoleToChineseViewController.xib in Resources */,
				E279B3801E533B9F00699A5B /* test.vcf in Resources */,
				E2DDA25D1E50BE8000460BE5 /* HomeViewController.xib in Resources */,
				E247F7A81E5B0258004D866F /* ShellViewController.xib in Resources */,
			);
			runOnlyForDeploymentPostprocessing = 0;
		};
		E24075251E21CEC100E9692A /* Resources */ = {
			isa = PBXResourcesBuildPhase;
			buildActionMask = 2147483647;
			files = (
			);
			runOnlyForDeploymentPostprocessing = 0;
		};
		E24075301E21CEC100E9692A /* Resources */ = {
			isa = PBXResourcesBuildPhase;
			buildActionMask = 2147483647;
			files = (
			);
			runOnlyForDeploymentPostprocessing = 0;
		};
/* End PBXResourcesBuildPhase section */

/* Begin PBXShellScriptBuildPhase section */
		093724D83C9EA59E7F724A0E /* [CP] Check Pods Manifest.lock */ = {
			isa = PBXShellScriptBuildPhase;
			buildActionMask = 2147483647;
			files = (
			);
			inputPaths = (
			);
			name = "[CP] Check Pods Manifest.lock";
			outputPaths = (
			);
			runOnlyForDeploymentPostprocessing = 0;
			shellPath = /bin/sh;
			shellScript = "diff \"${PODS_ROOT}/../Podfile.lock\" \"${PODS_ROOT}/Manifest.lock\" > /dev/null\nif [ $? != 0 ] ; then\n    # print error to STDERR\n    echo \"error: The sandbox is not in sync with the Podfile.lock. Run 'pod install' or update your CocoaPods installation.\" >&2\n    exit 1\nfi\n";
			showEnvVarsInLog = 0;
		};
		8E69C18FDAF4308E4BDEA881 /* [CP] Embed Pods Frameworks */ = {
			isa = PBXShellScriptBuildPhase;
			buildActionMask = 2147483647;
			files = (
			);
			inputPaths = (
			);
			name = "[CP] Embed Pods Frameworks";
			outputPaths = (
			);
			runOnlyForDeploymentPostprocessing = 0;
			shellPath = /bin/sh;
			shellScript = "\"${SRCROOT}/../Pods/Target Support Files/Pods-LearnSummarize/Pods-LearnSummarize-frameworks.sh\"\n";
			showEnvVarsInLog = 0;
		};
		AB52E646D1278C4519B05388 /* [CP] Copy Pods Resources */ = {
			isa = PBXShellScriptBuildPhase;
			buildActionMask = 2147483647;
			files = (
			);
			inputPaths = (
			);
			name = "[CP] Copy Pods Resources";
			outputPaths = (
			);
			runOnlyForDeploymentPostprocessing = 0;
			shellPath = /bin/sh;
			shellScript = "\"${SRCROOT}/../Pods/Target Support Files/Pods-LearnSummarize/Pods-LearnSummarize-resources.sh\"\n";
			showEnvVarsInLog = 0;
		};
/* End PBXShellScriptBuildPhase section */

/* Begin PBXSourcesBuildPhase section */
		E240750A1E21CEC100E9692A /* Sources */ = {
			isa = PBXSourcesBuildPhase;
			buildActionMask = 2147483647;
			files = (
				E24075961E2225A400E9692A /* JScrollView+PageControl+AutoScroll.m in Sources */,
				E21B215E1E6060C50076D2A6 /* UILabel+AttributedString.m in Sources */,
				E24075861E2211B100E9692A /* UIBarButtonItem+Item.m in Sources */,
				E2DDA2491E50BE0B00460BE5 /* DateChooseViewController.m in Sources */,
				E24075A61E22329A00E9692A /* LoginModel.m in Sources */,
				E24075A91E2232F600E9692A /* SaveArray.m in Sources */,
				E2C84B241E6A8C1D009B110F /* UpdateConstraintView.m in Sources */,
				E2080C001E68703C00C23BF3 /* ScrollViewViewController.m in Sources */,
				E2384EDD1E5329DA00E84671 /* MailViewController.m in Sources */,
				E2C84B301E6AAF03009B110F /* UseEdgesInsetView.m in Sources */,
				E24075C81E22674500E9692A /* LTSDateChoose.m in Sources */,
				674EB7FD1E7BD00000C9F7B5 /* WifiViewController.m in Sources */,
				E24075A31E22326000E9692A /* BaseModel.m in Sources */,
				E24075BD1E2241F600E9692A /* UIImageView+Common.m in Sources */,
				E2DDA2791E50C2C500460BE5 /* ApplicationViewController.m in Sources */,
				E24075591E21E5FD00E9692A /* SysUtil.m in Sources */,
				E2DDA26B1E50BF1100460BE5 /* BaseNavigationViewController.m in Sources */,
				E240759F1E2231F500E9692A /* AccountTool.m in Sources */,
				E2DDA23A1E50BDA300460BE5 /* ConsoleToChineseViewController.m in Sources */,
				E2588FA41E6185F000B55ADC /* FrameCacheView.m in Sources */,
				E2588F971E617F7C00B55ADC /* ImageModel.m in Sources */,
				E26D45EF1E326AC900F6935B /* TouchID.m in Sources */,
				E2588F8D1E61746900B55ADC /* ParticleEmitterViewController.m in Sources */,
				E2C84B2D1E6AAC5B009B110F /* UseConstantsView.m in Sources */,
				E2DDA2551E50BE6A00460BE5 /* GifViewController.m in Sources */,
				E24075161E21CEC100E9692A /* AppDelegate.m in Sources */,
				E2DDA26D1E50BF1100460BE5 /* BaseViewController.m in Sources */,
				E24075891E2213DA00E9692A /* MainUtil.m in Sources */,
				E2DDA2421E50BDD100460BE5 /* LocalAuthenticationViewController.m in Sources */,
				E24075831E220F9A00E9692A /* UIView+SDExtension.m in Sources */,
				E2DDA2621E50BEB900460BE5 /* ScanQrcodeViewController.m in Sources */,
				E2DDA25C1E50BE8000460BE5 /* HomeViewController.m in Sources */,
				E2588FAB1E61862300B55ADC /* SDWebImageCollectionViewCell.m in Sources */,
				E2DDA2501E50BE2000460BE5 /* LoginViewController.m in Sources */,
				E2588FA31E6185F000B55ADC /* DebugView.m in Sources */,
				E2EF65FB1E6AB5FF007F5089 /* UserMarginView.m in Sources */,
				E24075AF1E22355500E9692A /* UIView+Extensions.m in Sources */,
				E2C84B211E6A8596009B110F /* MasonryTableViewController.m in Sources */,
				E2588FA51E6185F000B55ADC /* GraphView.m in Sources */,
				E2C84B271E6A9353009B110F /* SubViewController.m in Sources */,
				E2588FA71E6185F000B55ADC /* RSPlayPauseButton.m in Sources */,
				E2C84B331E6AB120009B110F /* AspectFitWithRatioView.m in Sources */,
				E240756D1E21FC7E00E9692A /* PageModel.m in Sources */,
				E2C84B2A1E6A9512009B110F /* RemakeConstraintView.m in Sources */,
				E24075131E21CEC100E9692A /* main.m in Sources */,
				E24075741E22033400E9692A /* UIImage+Common.m in Sources */,
				E2EF65FE1E6AB67B007F5089 /* UpdateArrayViews.m in Sources */,
				E24075711E22031000E9692A /* MessageUtil.m in Sources */,
				E24075B71E223EC400E9692A /* ScrollAdView.m in Sources */,
				E26D45EA1E324E6800F6935B /* DropDownMenu.m in Sources */,
				E240755F1E21E78600E9692A /* NSString+Common.m in Sources */,
				E2DDA26C1E50BF1100460BE5 /* BaseTabBarViewController.m in Sources */,
				E2588F921E6174A200B55ADC /* DWParticleEmitter.m in Sources */,
				E2C84B361E6AB2B8009B110F /* BasicAnimatedView.m in Sources */,
				E2080BF11E68646000C23BF3 /* EmotionViewController.m in Sources */,
				E2384ED61E531FF900E84671 /* CommonTextTableViewCell.m in Sources */,
				E2DDA2341E50B65A00460BE5 /* UIColor+expanded.m in Sources */,
				E2080BF81E6864D500C23BF3 /* SoftKeyViewController.m in Sources */,
				E2588F881E61721500B55ADC /* SDWebImageViewController.m in Sources */,
				E2588FA61E6185F000B55ADC /* PlayheadView.m in Sources */,
				E24075621E21E9D900E9692A /* NSDate+Common.m in Sources */,
				E24075C71E22674500E9692A /* LTSBaseAlertView.m in Sources */,
				674EB8001E7BD0C200C9F7B5 /* DMDropDownMenu.m in Sources */,
				E247F7A71E5B0258004D866F /* ShellViewController.m in Sources */,
			);
			runOnlyForDeploymentPostprocessing = 0;
		};
		E24075231E21CEC100E9692A /* Sources */ = {
			isa = PBXSourcesBuildPhase;
			buildActionMask = 2147483647;
			files = (
				E240752C1E21CEC100E9692A /* LearnSummarizeTests.m in Sources */,
			);
			runOnlyForDeploymentPostprocessing = 0;
		};
		E240752E1E21CEC100E9692A /* Sources */ = {
			isa = PBXSourcesBuildPhase;
			buildActionMask = 2147483647;
			files = (
				E24075371E21CEC100E9692A /* LearnSummarizeUITests.m in Sources */,
			);
			runOnlyForDeploymentPostprocessing = 0;
		};
/* End PBXSourcesBuildPhase section */

/* Begin PBXTargetDependency section */
		E24075291E21CEC100E9692A /* PBXTargetDependency */ = {
			isa = PBXTargetDependency;
			target = E240750D1E21CEC100E9692A /* LearnSummarize */;
			targetProxy = E24075281E21CEC100E9692A /* PBXContainerItemProxy */;
		};
		E24075341E21CEC100E9692A /* PBXTargetDependency */ = {
			isa = PBXTargetDependency;
			target = E240750D1E21CEC100E9692A /* LearnSummarize */;
			targetProxy = E24075331E21CEC100E9692A /* PBXContainerItemProxy */;
		};
/* End PBXTargetDependency section */

/* Begin PBXVariantGroup section */
		E24075451E21D33700E9692A /* LaunchScreen.storyboard */ = {
			isa = PBXVariantGroup;
			children = (
				E24075461E21D33700E9692A /* Base */,
			);
			name = LaunchScreen.storyboard;
			sourceTree = "<group>";
		};
/* End PBXVariantGroup section */

/* Begin XCBuildConfiguration section */
		E24075391E21CEC100E9692A /* Debug */ = {
			isa = XCBuildConfiguration;
			buildSettings = {
				ALWAYS_SEARCH_USER_PATHS = NO;
				CLANG_ANALYZER_NONNULL = YES;
				CLANG_CXX_LANGUAGE_STANDARD = "gnu++0x";
				CLANG_CXX_LIBRARY = "libc++";
				CLANG_ENABLE_MODULES = YES;
				CLANG_ENABLE_OBJC_ARC = YES;
				CLANG_WARN_BOOL_CONVERSION = YES;
				CLANG_WARN_CONSTANT_CONVERSION = YES;
				CLANG_WARN_DIRECT_OBJC_ISA_USAGE = YES_ERROR;
				CLANG_WARN_DOCUMENTATION_COMMENTS = YES;
				CLANG_WARN_EMPTY_BODY = YES;
				CLANG_WARN_ENUM_CONVERSION = YES;
				CLANG_WARN_INFINITE_RECURSION = YES;
				CLANG_WARN_INT_CONVERSION = YES;
				CLANG_WARN_OBJC_ROOT_CLASS = YES_ERROR;
				CLANG_WARN_SUSPICIOUS_MOVE = YES;
				CLANG_WARN_UNREACHABLE_CODE = YES;
				CLANG_WARN__DUPLICATE_METHOD_MATCH = YES;
				"CODE_SIGN_IDENTITY[sdk=iphoneos*]" = "iPhone Developer";
				COPY_PHASE_STRIP = NO;
				DEBUG_INFORMATION_FORMAT = dwarf;
				ENABLE_STRICT_OBJC_MSGSEND = YES;
				ENABLE_TESTABILITY = YES;
				GCC_C_LANGUAGE_STANDARD = gnu99;
				GCC_DYNAMIC_NO_PIC = NO;
				GCC_NO_COMMON_BLOCKS = YES;
				GCC_OPTIMIZATION_LEVEL = 0;
				GCC_PREPROCESSOR_DEFINITIONS = (
					"DEBUG=1",
					"$(inherited)",
				);
				GCC_WARN_64_TO_32_BIT_CONVERSION = YES;
				GCC_WARN_ABOUT_RETURN_TYPE = YES_ERROR;
				GCC_WARN_UNDECLARED_SELECTOR = YES;
				GCC_WARN_UNINITIALIZED_AUTOS = YES_AGGRESSIVE;
				GCC_WARN_UNUSED_FUNCTION = YES;
				GCC_WARN_UNUSED_VARIABLE = YES;
				IPHONEOS_DEPLOYMENT_TARGET = 8.0;
				MTL_ENABLE_DEBUG_INFO = YES;
				ONLY_ACTIVE_ARCH = YES;
				SDKROOT = iphoneos;
			};
			name = Debug;
		};
		E240753A1E21CEC100E9692A /* Release */ = {
			isa = XCBuildConfiguration;
			buildSettings = {
				ALWAYS_SEARCH_USER_PATHS = NO;
				CLANG_ANALYZER_NONNULL = YES;
				CLANG_CXX_LANGUAGE_STANDARD = "gnu++0x";
				CLANG_CXX_LIBRARY = "libc++";
				CLANG_ENABLE_MODULES = YES;
				CLANG_ENABLE_OBJC_ARC = YES;
				CLANG_WARN_BOOL_CONVERSION = YES;
				CLANG_WARN_CONSTANT_CONVERSION = YES;
				CLANG_WARN_DIRECT_OBJC_ISA_USAGE = YES_ERROR;
				CLANG_WARN_DOCUMENTATION_COMMENTS = YES;
				CLANG_WARN_EMPTY_BODY = YES;
				CLANG_WARN_ENUM_CONVERSION = YES;
				CLANG_WARN_INFINITE_RECURSION = YES;
				CLANG_WARN_INT_CONVERSION = YES;
				CLANG_WARN_OBJC_ROOT_CLASS = YES_ERROR;
				CLANG_WARN_SUSPICIOUS_MOVE = YES;
				CLANG_WARN_UNREACHABLE_CODE = YES;
				CLANG_WARN__DUPLICATE_METHOD_MATCH = YES;
				"CODE_SIGN_IDENTITY[sdk=iphoneos*]" = "iPhone Developer";
				COPY_PHASE_STRIP = NO;
				DEBUG_INFORMATION_FORMAT = "dwarf-with-dsym";
				ENABLE_NS_ASSERTIONS = NO;
				ENABLE_STRICT_OBJC_MSGSEND = YES;
				GCC_C_LANGUAGE_STANDARD = gnu99;
				GCC_NO_COMMON_BLOCKS = YES;
				GCC_WARN_64_TO_32_BIT_CONVERSION = YES;
				GCC_WARN_ABOUT_RETURN_TYPE = YES_ERROR;
				GCC_WARN_UNDECLARED_SELECTOR = YES;
				GCC_WARN_UNINITIALIZED_AUTOS = YES_AGGRESSIVE;
				GCC_WARN_UNUSED_FUNCTION = YES;
				GCC_WARN_UNUSED_VARIABLE = YES;
				IPHONEOS_DEPLOYMENT_TARGET = 8.0;
				MTL_ENABLE_DEBUG_INFO = NO;
				SDKROOT = iphoneos;
				VALIDATE_PRODUCT = YES;
			};
			name = Release;
		};
		E240753C1E21CEC100E9692A /* Debug */ = {
			isa = XCBuildConfiguration;
			baseConfigurationReference = 9DAF3859DF87CE9EEAE50F4B /* Pods-LearnSummarize.debug.xcconfig */;
			buildSettings = {
				ASSETCATALOG_COMPILER_APPICON_NAME = AppIcon;
				"CODE_SIGN_IDENTITY[sdk=iphoneos*]" = "iPhone Developer";
				DEVELOPMENT_TEAM = DUD9TSG469;
				ENABLE_BITCODE = NO;
				GCC_PRECOMPILE_PREFIX_HEADER = YES;
				GCC_PREFIX_HEADER = "$(SRCROOT)/LearnSummarize/LearnSummarize.pch";
				INFOPLIST_FILE = LearnSummarize/Info.plist;
				LD_RUNPATH_SEARCH_PATHS = "$(inherited) @executable_path/Frameworks";
				PRODUCT_BUNDLE_IDENTIFIER = com.kingorient.elevatorMaintain;
				PRODUCT_NAME = "$(TARGET_NAME)";
				PROVISIONING_PROFILE = "0ec3dbe4-ee3b-4776-81c5-3c33e585ee6d";
				PROVISIONING_PROFILE_SPECIFIER = 2017_02_;
			};
			name = Debug;
		};
		E240753D1E21CEC100E9692A /* Release */ = {
			isa = XCBuildConfiguration;
			baseConfigurationReference = 0F03D717558220CD15DD8D3A /* Pods-LearnSummarize.release.xcconfig */;
			buildSettings = {
				ASSETCATALOG_COMPILER_APPICON_NAME = AppIcon;
				"CODE_SIGN_IDENTITY[sdk=iphoneos*]" = "iPhone Developer";
				DEVELOPMENT_TEAM = DUD9TSG469;
				ENABLE_BITCODE = NO;
				GCC_PRECOMPILE_PREFIX_HEADER = YES;
				GCC_PREFIX_HEADER = "$(SRCROOT)/LearnSummarize/LearnSummarize.pch";
				INFOPLIST_FILE = LearnSummarize/Info.plist;
				LD_RUNPATH_SEARCH_PATHS = "$(inherited) @executable_path/Frameworks";
				PRODUCT_BUNDLE_IDENTIFIER = com.kingorient.elevatorMaintain;
				PRODUCT_NAME = "$(TARGET_NAME)";
				PROVISIONING_PROFILE = "476e3fd3-aa57-4136-b899-f2186a2a4c9d";
				PROVISIONING_PROFILE_SPECIFIER = 2017_02_;
			};
			name = Release;
		};
		E240753F1E21CEC100E9692A /* Debug */ = {
			isa = XCBuildConfiguration;
			buildSettings = {
				BUNDLE_LOADER = "$(TEST_HOST)";
				INFOPLIST_FILE = LearnSummarizeTests/Info.plist;
				LD_RUNPATH_SEARCH_PATHS = "$(inherited) @executable_path/Frameworks @loader_path/Frameworks";
				PRODUCT_BUNDLE_IDENTIFIER = com.chenshun.LearnSummarizeTests;
				PRODUCT_NAME = "$(TARGET_NAME)";
				TEST_HOST = "$(BUILT_PRODUCTS_DIR)/LearnSummarize.app/LearnSummarize";
			};
			name = Debug;
		};
		E24075401E21CEC100E9692A /* Release */ = {
			isa = XCBuildConfiguration;
			buildSettings = {
				BUNDLE_LOADER = "$(TEST_HOST)";
				INFOPLIST_FILE = LearnSummarizeTests/Info.plist;
				LD_RUNPATH_SEARCH_PATHS = "$(inherited) @executable_path/Frameworks @loader_path/Frameworks";
				PRODUCT_BUNDLE_IDENTIFIER = com.chenshun.LearnSummarizeTests;
				PRODUCT_NAME = "$(TARGET_NAME)";
				TEST_HOST = "$(BUILT_PRODUCTS_DIR)/LearnSummarize.app/LearnSummarize";
			};
			name = Release;
		};
		E24075421E21CEC100E9692A /* Debug */ = {
			isa = XCBuildConfiguration;
			buildSettings = {
				INFOPLIST_FILE = LearnSummarizeUITests/Info.plist;
				LD_RUNPATH_SEARCH_PATHS = "$(inherited) @executable_path/Frameworks @loader_path/Frameworks";
				PRODUCT_BUNDLE_IDENTIFIER = com.chenshun.LearnSummarizeUITests;
				PRODUCT_NAME = "$(TARGET_NAME)";
				TEST_TARGET_NAME = LearnSummarize;
			};
			name = Debug;
		};
		E24075431E21CEC100E9692A /* Release */ = {
			isa = XCBuildConfiguration;
			buildSettings = {
				INFOPLIST_FILE = LearnSummarizeUITests/Info.plist;
				LD_RUNPATH_SEARCH_PATHS = "$(inherited) @executable_path/Frameworks @loader_path/Frameworks";
				PRODUCT_BUNDLE_IDENTIFIER = com.chenshun.LearnSummarizeUITests;
				PRODUCT_NAME = "$(TARGET_NAME)";
				TEST_TARGET_NAME = LearnSummarize;
			};
			name = Release;
		};
/* End XCBuildConfiguration section */

/* Begin XCConfigurationList section */
		E24075091E21CEC100E9692A /* Build configuration list for PBXProject "LearnSummarize" */ = {
			isa = XCConfigurationList;
			buildConfigurations = (
				E24075391E21CEC100E9692A /* Debug */,
				E240753A1E21CEC100E9692A /* Release */,
			);
			defaultConfigurationIsVisible = 0;
			defaultConfigurationName = Release;
		};
		E240753B1E21CEC100E9692A /* Build configuration list for PBXNativeTarget "LearnSummarize" */ = {
			isa = XCConfigurationList;
			buildConfigurations = (
				E240753C1E21CEC100E9692A /* Debug */,
				E240753D1E21CEC100E9692A /* Release */,
			);
			defaultConfigurationIsVisible = 0;
			defaultConfigurationName = Release;
		};
		E240753E1E21CEC100E9692A /* Build configuration list for PBXNativeTarget "LearnSummarizeTests" */ = {
			isa = XCConfigurationList;
			buildConfigurations = (
				E240753F1E21CEC100E9692A /* Debug */,
				E24075401E21CEC100E9692A /* Release */,
			);
			defaultConfigurationIsVisible = 0;
			defaultConfigurationName = Release;
		};
		E24075411E21CEC100E9692A /* Build configuration list for PBXNativeTarget "LearnSummarizeUITests" */ = {
			isa = XCConfigurationList;
			buildConfigurations = (
				E24075421E21CEC100E9692A /* Debug */,
				E24075431E21CEC100E9692A /* Release */,
			);
			defaultConfigurationIsVisible = 0;
			defaultConfigurationName = Release;
		};
/* End XCConfigurationList section */
	};
	rootObject = E24075061E21CEC100E9692A /* Project object */;
}
