// !$*UTF8*$!
{
	archiveVersion = 1;
	classes = {
	};
	objectVersion = 46;
	objects = {

/* Begin PBXBuildFile section */
		8F576A421DB4CAE60034220B /* MJRefresh.bundle in Resources */ = {isa = PBXBuildFile; fileRef = 8F576A1C1DB4CAE60034220B /* MJRefresh.bundle */; };
		8F576A431DB4CAE60034220B /* MJRefreshAutoFooter.m in Sources */ = {isa = PBXBuildFile; fileRef = 8F576A1F1DB4CAE60034220B /* MJRefreshAutoFooter.m */; };
		8F576A441DB4CAE60034220B /* MJRefreshAutoGifFooter.m in Sources */ = {isa = PBXBuildFile; fileRef = 8F576A211DB4CAE60034220B /* MJRefreshAutoGifFooter.m */; };
		8F576A451DB4CAE60034220B /* MJRefreshAutoNormalFooter.m in Sources */ = {isa = PBXBuildFile; fileRef = 8F576A231DB4CAE60034220B /* MJRefreshAutoNormalFooter.m */; };
		8F576A461DB4CAE60034220B /* MJRefreshAutoStateFooter.m in Sources */ = {isa = PBXBuildFile; fileRef = 8F576A251DB4CAE60034220B /* MJRefreshAutoStateFooter.m */; };
		8F576A471DB4CAE60034220B /* MJRefreshBackFooter.m in Sources */ = {isa = PBXBuildFile; fileRef = 8F576A271DB4CAE60034220B /* MJRefreshBackFooter.m */; };
		8F576A481DB4CAE60034220B /* MJRefreshBackGifFooter.m in Sources */ = {isa = PBXBuildFile; fileRef = 8F576A291DB4CAE60034220B /* MJRefreshBackGifFooter.m */; };
		8F576A491DB4CAE60034220B /* MJRefreshBackNormalFooter.m in Sources */ = {isa = PBXBuildFile; fileRef = 8F576A2B1DB4CAE60034220B /* MJRefreshBackNormalFooter.m */; };
		8F576A4A1DB4CAE60034220B /* MJRefreshBackStateFooter.m in Sources */ = {isa = PBXBuildFile; fileRef = 8F576A2D1DB4CAE60034220B /* MJRefreshBackStateFooter.m */; };
		8F576A4B1DB4CAE60034220B /* MJRefreshComponent.m in Sources */ = {isa = PBXBuildFile; fileRef = 8F576A2F1DB4CAE60034220B /* MJRefreshComponent.m */; };
		8F576A4C1DB4CAE60034220B /* MJRefreshConst.m in Sources */ = {isa = PBXBuildFile; fileRef = 8F576A311DB4CAE60034220B /* MJRefreshConst.m */; };
		8F576A4D1DB4CAE60034220B /* MJRefreshFooter.m in Sources */ = {isa = PBXBuildFile; fileRef = 8F576A331DB4CAE60034220B /* MJRefreshFooter.m */; };
		8F576A4E1DB4CAE60034220B /* MJRefreshGifHeader.m in Sources */ = {isa = PBXBuildFile; fileRef = 8F576A351DB4CAE60034220B /* MJRefreshGifHeader.m */; };
		8F576A4F1DB4CAE60034220B /* MJRefreshHeader.m in Sources */ = {isa = PBXBuildFile; fileRef = 8F576A371DB4CAE60034220B /* MJRefreshHeader.m */; };
		8F576A501DB4CAE60034220B /* MJRefreshNormalHeader.m in Sources */ = {isa = PBXBuildFile; fileRef = 8F576A391DB4CAE60034220B /* MJRefreshNormalHeader.m */; };
		8F576A511DB4CAE60034220B /* MJRefreshStateHeader.m in Sources */ = {isa = PBXBuildFile; fileRef = 8F576A3B1DB4CAE60034220B /* MJRefreshStateHeader.m */; };
		8F576A521DB4CAE60034220B /* UIScrollView+MJExtension.m in Sources */ = {isa = PBXBuildFile; fileRef = 8F576A3D1DB4CAE60034220B /* UIScrollView+MJExtension.m */; };
		8F576A531DB4CAE60034220B /* UIScrollView+MJRefresh.m in Sources */ = {isa = PBXBuildFile; fileRef = 8F576A3F1DB4CAE60034220B /* UIScrollView+MJRefresh.m */; };
		8F576A541DB4CAE60034220B /* UIView+MJExtension.m in Sources */ = {isa = PBXBuildFile; fileRef = 8F576A411DB4CAE60034220B /* UIView+MJExtension.m */; };
		8F66E9C31DAF728C009ED01D /* main.m in Sources */ = {isa = PBXBuildFile; fileRef = 8F66E9C21DAF728C009ED01D /* main.m */; };
		8F66E9C61DAF728C009ED01D /* AppDelegate.m in Sources */ = {isa = PBXBuildFile; fileRef = 8F66E9C51DAF728C009ED01D /* AppDelegate.m */; };
		8F66E9C91DAF728C009ED01D /* ViewController.m in Sources */ = {isa = PBXBuildFile; fileRef = 8F66E9C81DAF728C009ED01D /* ViewController.m */; };
		8F66E9CC1DAF728C009ED01D /* Main.storyboard in Resources */ = {isa = PBXBuildFile; fileRef = 8F66E9CA1DAF728C009ED01D /* Main.storyboard */; };
		8F66E9CE1DAF728C009ED01D /* Assets.xcassets in Resources */ = {isa = PBXBuildFile; fileRef = 8F66E9CD1DAF728C009ED01D /* Assets.xcassets */; };
		8F66E9D11DAF728C009ED01D /* LaunchScreen.storyboard in Resources */ = {isa = PBXBuildFile; fileRef = 8F66E9CF1DAF728C009ED01D /* LaunchScreen.storyboard */; };
		8F66E9DC1DAF728D009ED01D /* LearnSummarizeTests.m in Sources */ = {isa = PBXBuildFile; fileRef = 8F66E9DB1DAF728D009ED01D /* LearnSummarizeTests.m */; };
		8F66E9E71DAF728D009ED01D /* LearnSummarizeUITests.m in Sources */ = {isa = PBXBuildFile; fileRef = 8F66E9E61DAF728D009ED01D /* LearnSummarizeUITests.m */; };
		8F8CA2B41DB46BEA006311B5 /* FMDatabase.m in Sources */ = {isa = PBXBuildFile; fileRef = 8F8CA2AA1DB46BEA006311B5 /* FMDatabase.m */; };
		8F8CA2B51DB46BEA006311B5 /* FMDatabaseAdditions.m in Sources */ = {isa = PBXBuildFile; fileRef = 8F8CA2AC1DB46BEA006311B5 /* FMDatabaseAdditions.m */; };
		8F8CA2B61DB46BEA006311B5 /* FMDatabasePool.m in Sources */ = {isa = PBXBuildFile; fileRef = 8F8CA2AE1DB46BEA006311B5 /* FMDatabasePool.m */; };
		8F8CA2B71DB46BEA006311B5 /* FMDatabaseQueue.m in Sources */ = {isa = PBXBuildFile; fileRef = 8F8CA2B01DB46BEA006311B5 /* FMDatabaseQueue.m */; };
		8F8CA2B81DB46BEA006311B5 /* FMResultSet.m in Sources */ = {isa = PBXBuildFile; fileRef = 8F8CA2B31DB46BEA006311B5 /* FMResultSet.m */; };
		8F8CA2DC1DB46F71006311B5 /* AFHTTPSessionManager.m in Sources */ = {isa = PBXBuildFile; fileRef = 8F8CA2BB1DB46F71006311B5 /* AFHTTPSessionManager.m */; };
		8F8CA2DD1DB46F71006311B5 /* AFNetworkReachabilityManager.m in Sources */ = {isa = PBXBuildFile; fileRef = 8F8CA2BE1DB46F71006311B5 /* AFNetworkReachabilityManager.m */; };
		8F8CA2DE1DB46F71006311B5 /* AFSecurityPolicy.m in Sources */ = {isa = PBXBuildFile; fileRef = 8F8CA2C01DB46F71006311B5 /* AFSecurityPolicy.m */; };
		8F8CA2DF1DB46F71006311B5 /* AFURLRequestSerialization.m in Sources */ = {isa = PBXBuildFile; fileRef = 8F8CA2C21DB46F71006311B5 /* AFURLRequestSerialization.m */; };
		8F8CA2E01DB46F71006311B5 /* AFURLResponseSerialization.m in Sources */ = {isa = PBXBuildFile; fileRef = 8F8CA2C41DB46F71006311B5 /* AFURLResponseSerialization.m */; };
		8F8CA2E11DB46F71006311B5 /* AFURLSessionManager.m in Sources */ = {isa = PBXBuildFile; fileRef = 8F8CA2C61DB46F71006311B5 /* AFURLSessionManager.m */; };
		8F8CA2E21DB46F71006311B5 /* AFAutoPurgingImageCache.m in Sources */ = {isa = PBXBuildFile; fileRef = 8F8CA2C91DB46F71006311B5 /* AFAutoPurgingImageCache.m */; };
		8F8CA2E31DB46F71006311B5 /* AFImageDownloader.m in Sources */ = {isa = PBXBuildFile; fileRef = 8F8CA2CB1DB46F71006311B5 /* AFImageDownloader.m */; };
		8F8CA2E41DB46F71006311B5 /* AFNetworkActivityIndicatorManager.m in Sources */ = {isa = PBXBuildFile; fileRef = 8F8CA2CD1DB46F71006311B5 /* AFNetworkActivityIndicatorManager.m */; };
		8F8CA2E51DB46F71006311B5 /* UIActivityIndicatorView+AFNetworking.m in Sources */ = {isa = PBXBuildFile; fileRef = 8F8CA2CF1DB46F71006311B5 /* UIActivityIndicatorView+AFNetworking.m */; };
		8F8CA2E61DB46F71006311B5 /* UIButton+AFNetworking.m in Sources */ = {isa = PBXBuildFile; fileRef = 8F8CA2D11DB46F71006311B5 /* UIButton+AFNetworking.m */; };
		8F8CA2E71DB46F71006311B5 /* UIImageView+AFNetworking.m in Sources */ = {isa = PBXBuildFile; fileRef = 8F8CA2D41DB46F71006311B5 /* UIImageView+AFNetworking.m */; };
		8F8CA2E81DB46F71006311B5 /* UIProgressView+AFNetworking.m in Sources */ = {isa = PBXBuildFile; fileRef = 8F8CA2D71DB46F71006311B5 /* UIProgressView+AFNetworking.m */; };
		8F8CA2E91DB46F71006311B5 /* UIRefreshControl+AFNetworking.m in Sources */ = {isa = PBXBuildFile; fileRef = 8F8CA2D91DB46F71006311B5 /* UIRefreshControl+AFNetworking.m */; };
		8F8CA2EA1DB46F71006311B5 /* UIWebView+AFNetworking.m in Sources */ = {isa = PBXBuildFile; fileRef = 8F8CA2DB1DB46F71006311B5 /* UIWebView+AFNetworking.m */; };
/* End PBXBuildFile section */

/* Begin PBXContainerItemProxy section */
		8F66E9D81DAF728D009ED01D /* PBXContainerItemProxy */ = {
			isa = PBXContainerItemProxy;
			containerPortal = 8F66E9B61DAF728C009ED01D /* Project object */;
			proxyType = 1;
			remoteGlobalIDString = 8F66E9BD1DAF728C009ED01D;
			remoteInfo = LearnSummarize;
		};
		8F66E9E31DAF728D009ED01D /* PBXContainerItemProxy */ = {
			isa = PBXContainerItemProxy;
			containerPortal = 8F66E9B61DAF728C009ED01D /* Project object */;
			proxyType = 1;
			remoteGlobalIDString = 8F66E9BD1DAF728C009ED01D;
			remoteInfo = LearnSummarize;
		};
/* End PBXContainerItemProxy section */

/* Begin PBXFileReference section */
		8F576A1C1DB4CAE60034220B /* MJRefresh.bundle */ = {isa = PBXFileReference; lastKnownFileType = "wrapper.plug-in"; path = MJRefresh.bundle; sourceTree = "<group>"; };
		8F576A1D1DB4CAE60034220B /* MJRefresh.h */ = {isa = PBXFileReference; fileEncoding = 4; lastKnownFileType = sourcecode.c.h; path = MJRefresh.h; sourceTree = "<group>"; };
		8F576A1E1DB4CAE60034220B /* MJRefreshAutoFooter.h */ = {isa = PBXFileReference; fileEncoding = 4; lastKnownFileType = sourcecode.c.h; path = MJRefreshAutoFooter.h; sourceTree = "<group>"; };
		8F576A1F1DB4CAE60034220B /* MJRefreshAutoFooter.m */ = {isa = PBXFileReference; fileEncoding = 4; lastKnownFileType = sourcecode.c.objc; path = MJRefreshAutoFooter.m; sourceTree = "<group>"; };
		8F576A201DB4CAE60034220B /* MJRefreshAutoGifFooter.h */ = {isa = PBXFileReference; fileEncoding = 4; lastKnownFileType = sourcecode.c.h; path = MJRefreshAutoGifFooter.h; sourceTree = "<group>"; };
		8F576A211DB4CAE60034220B /* MJRefreshAutoGifFooter.m */ = {isa = PBXFileReference; fileEncoding = 4; lastKnownFileType = sourcecode.c.objc; path = MJRefreshAutoGifFooter.m; sourceTree = "<group>"; };
		8F576A221DB4CAE60034220B /* MJRefreshAutoNormalFooter.h */ = {isa = PBXFileReference; fileEncoding = 4; lastKnownFileType = sourcecode.c.h; path = MJRefreshAutoNormalFooter.h; sourceTree = "<group>"; };
		8F576A231DB4CAE60034220B /* MJRefreshAutoNormalFooter.m */ = {isa = PBXFileReference; fileEncoding = 4; lastKnownFileType = sourcecode.c.objc; path = MJRefreshAutoNormalFooter.m; sourceTree = "<group>"; };
		8F576A241DB4CAE60034220B /* MJRefreshAutoStateFooter.h */ = {isa = PBXFileReference; fileEncoding = 4; lastKnownFileType = sourcecode.c.h; path = MJRefreshAutoStateFooter.h; sourceTree = "<group>"; };
		8F576A251DB4CAE60034220B /* MJRefreshAutoStateFooter.m */ = {isa = PBXFileReference; fileEncoding = 4; lastKnownFileType = sourcecode.c.objc; path = MJRefreshAutoStateFooter.m; sourceTree = "<group>"; };
		8F576A261DB4CAE60034220B /* MJRefreshBackFooter.h */ = {isa = PBXFileReference; fileEncoding = 4; lastKnownFileType = sourcecode.c.h; path = MJRefreshBackFooter.h; sourceTree = "<group>"; };
		8F576A271DB4CAE60034220B /* MJRefreshBackFooter.m */ = {isa = PBXFileReference; fileEncoding = 4; lastKnownFileType = sourcecode.c.objc; path = MJRefreshBackFooter.m; sourceTree = "<group>"; };
		8F576A281DB4CAE60034220B /* MJRefreshBackGifFooter.h */ = {isa = PBXFileReference; fileEncoding = 4; lastKnownFileType = sourcecode.c.h; path = MJRefreshBackGifFooter.h; sourceTree = "<group>"; };
		8F576A291DB4CAE60034220B /* MJRefreshBackGifFooter.m */ = {isa = PBXFileReference; fileEncoding = 4; lastKnownFileType = sourcecode.c.objc; path = MJRefreshBackGifFooter.m; sourceTree = "<group>"; };
		8F576A2A1DB4CAE60034220B /* MJRefreshBackNormalFooter.h */ = {isa = PBXFileReference; fileEncoding = 4; lastKnownFileType = sourcecode.c.h; path = MJRefreshBackNormalFooter.h; sourceTree = "<group>"; };
		8F576A2B1DB4CAE60034220B /* MJRefreshBackNormalFooter.m */ = {isa = PBXFileReference; fileEncoding = 4; lastKnownFileType = sourcecode.c.objc; path = MJRefreshBackNormalFooter.m; sourceTree = "<group>"; };
		8F576A2C1DB4CAE60034220B /* MJRefreshBackStateFooter.h */ = {isa = PBXFileReference; fileEncoding = 4; lastKnownFileType = sourcecode.c.h; path = MJRefreshBackStateFooter.h; sourceTree = "<group>"; };
		8F576A2D1DB4CAE60034220B /* MJRefreshBackStateFooter.m */ = {isa = PBXFileReference; fileEncoding = 4; lastKnownFileType = sourcecode.c.objc; path = MJRefreshBackStateFooter.m; sourceTree = "<group>"; };
		8F576A2E1DB4CAE60034220B /* MJRefreshComponent.h */ = {isa = PBXFileReference; fileEncoding = 4; lastKnownFileType = sourcecode.c.h; path = MJRefreshComponent.h; sourceTree = "<group>"; };
		8F576A2F1DB4CAE60034220B /* MJRefreshComponent.m */ = {isa = PBXFileReference; fileEncoding = 4; lastKnownFileType = sourcecode.c.objc; path = MJRefreshComponent.m; sourceTree = "<group>"; };
		8F576A301DB4CAE60034220B /* MJRefreshConst.h */ = {isa = PBXFileReference; fileEncoding = 4; lastKnownFileType = sourcecode.c.h; path = MJRefreshConst.h; sourceTree = "<group>"; };
		8F576A311DB4CAE60034220B /* MJRefreshConst.m */ = {isa = PBXFileReference; fileEncoding = 4; lastKnownFileType = sourcecode.c.objc; path = MJRefreshConst.m; sourceTree = "<group>"; };
		8F576A321DB4CAE60034220B /* MJRefreshFooter.h */ = {isa = PBXFileReference; fileEncoding = 4; lastKnownFileType = sourcecode.c.h; path = MJRefreshFooter.h; sourceTree = "<group>"; };
		8F576A331DB4CAE60034220B /* MJRefreshFooter.m */ = {isa = PBXFileReference; fileEncoding = 4; lastKnownFileType = sourcecode.c.objc; path = MJRefreshFooter.m; sourceTree = "<group>"; };
		8F576A341DB4CAE60034220B /* MJRefreshGifHeader.h */ = {isa = PBXFileReference; fileEncoding = 4; lastKnownFileType = sourcecode.c.h; path = MJRefreshGifHeader.h; sourceTree = "<group>"; };
		8F576A351DB4CAE60034220B /* MJRefreshGifHeader.m */ = {isa = PBXFileReference; fileEncoding = 4; lastKnownFileType = sourcecode.c.objc; path = MJRefreshGifHeader.m; sourceTree = "<group>"; };
		8F576A361DB4CAE60034220B /* MJRefreshHeader.h */ = {isa = PBXFileReference; fileEncoding = 4; lastKnownFileType = sourcecode.c.h; path = MJRefreshHeader.h; sourceTree = "<group>"; };
		8F576A371DB4CAE60034220B /* MJRefreshHeader.m */ = {isa = PBXFileReference; fileEncoding = 4; lastKnownFileType = sourcecode.c.objc; path = MJRefreshHeader.m; sourceTree = "<group>"; };
		8F576A381DB4CAE60034220B /* MJRefreshNormalHeader.h */ = {isa = PBXFileReference; fileEncoding = 4; lastKnownFileType = sourcecode.c.h; path = MJRefreshNormalHeader.h; sourceTree = "<group>"; };
		8F576A391DB4CAE60034220B /* MJRefreshNormalHeader.m */ = {isa = PBXFileReference; fileEncoding = 4; lastKnownFileType = sourcecode.c.objc; path = MJRefreshNormalHeader.m; sourceTree = "<group>"; };
		8F576A3A1DB4CAE60034220B /* MJRefreshStateHeader.h */ = {isa = PBXFileReference; fileEncoding = 4; lastKnownFileType = sourcecode.c.h; path = MJRefreshStateHeader.h; sourceTree = "<group>"; };
		8F576A3B1DB4CAE60034220B /* MJRefreshStateHeader.m */ = {isa = PBXFileReference; fileEncoding = 4; lastKnownFileType = sourcecode.c.objc; path = MJRefreshStateHeader.m; sourceTree = "<group>"; };
		8F576A3C1DB4CAE60034220B /* UIScrollView+MJExtension.h */ = {isa = PBXFileReference; fileEncoding = 4; lastKnownFileType = sourcecode.c.h; path = "UIScrollView+MJExtension.h"; sourceTree = "<group>"; };
		8F576A3D1DB4CAE60034220B /* UIScrollView+MJExtension.m */ = {isa = PBXFileReference; fileEncoding = 4; lastKnownFileType = sourcecode.c.objc; path = "UIScrollView+MJExtension.m"; sourceTree = "<group>"; };
		8F576A3E1DB4CAE60034220B /* UIScrollView+MJRefresh.h */ = {isa = PBXFileReference; fileEncoding = 4; lastKnownFileType = sourcecode.c.h; path = "UIScrollView+MJRefresh.h"; sourceTree = "<group>"; };
		8F576A3F1DB4CAE60034220B /* UIScrollView+MJRefresh.m */ = {isa = PBXFileReference; fileEncoding = 4; lastKnownFileType = sourcecode.c.objc; path = "UIScrollView+MJRefresh.m"; sourceTree = "<group>"; };
		8F576A401DB4CAE60034220B /* UIView+MJExtension.h */ = {isa = PBXFileReference; fileEncoding = 4; lastKnownFileType = sourcecode.c.h; path = "UIView+MJExtension.h"; sourceTree = "<group>"; };
		8F576A411DB4CAE60034220B /* UIView+MJExtension.m */ = {isa = PBXFileReference; fileEncoding = 4; lastKnownFileType = sourcecode.c.objc; path = "UIView+MJExtension.m"; sourceTree = "<group>"; };
		8F66E9BE1DAF728C009ED01D /* LearnSummarize.app */ = {isa = PBXFileReference; explicitFileType = wrapper.application; includeInIndex = 0; path = LearnSummarize.app; sourceTree = BUILT_PRODUCTS_DIR; };
		8F66E9C21DAF728C009ED01D /* main.m */ = {isa = PBXFileReference; lastKnownFileType = sourcecode.c.objc; path = main.m; sourceTree = "<group>"; };
		8F66E9C41DAF728C009ED01D /* AppDelegate.h */ = {isa = PBXFileReference; lastKnownFileType = sourcecode.c.h; path = AppDelegate.h; sourceTree = "<group>"; };
		8F66E9C51DAF728C009ED01D /* AppDelegate.m */ = {isa = PBXFileReference; lastKnownFileType = sourcecode.c.objc; path = AppDelegate.m; sourceTree = "<group>"; };
		8F66E9C71DAF728C009ED01D /* ViewController.h */ = {isa = PBXFileReference; lastKnownFileType = sourcecode.c.h; path = ViewController.h; sourceTree = "<group>"; };
		8F66E9C81DAF728C009ED01D /* ViewController.m */ = {isa = PBXFileReference; lastKnownFileType = sourcecode.c.objc; path = ViewController.m; sourceTree = "<group>"; };
		8F66E9CB1DAF728C009ED01D /* Base */ = {isa = PBXFileReference; lastKnownFileType = file.storyboard; name = Base; path = Base.lproj/Main.storyboard; sourceTree = "<group>"; };
		8F66E9CD1DAF728C009ED01D /* Assets.xcassets */ = {isa = PBXFileReference; lastKnownFileType = folder.assetcatalog; path = Assets.xcassets; sourceTree = "<group>"; };
		8F66E9D01DAF728C009ED01D /* Base */ = {isa = PBXFileReference; lastKnownFileType = file.storyboard; name = Base; path = Base.lproj/LaunchScreen.storyboard; sourceTree = "<group>"; };
		8F66E9D21DAF728C009ED01D /* Info.plist */ = {isa = PBXFileReference; lastKnownFileType = text.plist.xml; path = Info.plist; sourceTree = "<group>"; };
		8F66E9D71DAF728D009ED01D /* LearnSummarizeTests.xctest */ = {isa = PBXFileReference; explicitFileType = wrapper.cfbundle; includeInIndex = 0; path = LearnSummarizeTests.xctest; sourceTree = BUILT_PRODUCTS_DIR; };
		8F66E9DB1DAF728D009ED01D /* LearnSummarizeTests.m */ = {isa = PBXFileReference; lastKnownFileType = sourcecode.c.objc; path = LearnSummarizeTests.m; sourceTree = "<group>"; };
		8F66E9DD1DAF728D009ED01D /* Info.plist */ = {isa = PBXFileReference; lastKnownFileType = text.plist.xml; path = Info.plist; sourceTree = "<group>"; };
		8F66E9E21DAF728D009ED01D /* LearnSummarizeUITests.xctest */ = {isa = PBXFileReference; explicitFileType = wrapper.cfbundle; includeInIndex = 0; path = LearnSummarizeUITests.xctest; sourceTree = BUILT_PRODUCTS_DIR; };
		8F66E9E61DAF728D009ED01D /* LearnSummarizeUITests.m */ = {isa = PBXFileReference; lastKnownFileType = sourcecode.c.objc; path = LearnSummarizeUITests.m; sourceTree = "<group>"; };
		8F66E9E81DAF728D009ED01D /* Info.plist */ = {isa = PBXFileReference; lastKnownFileType = text.plist.xml; path = Info.plist; sourceTree = "<group>"; };
		8F8CA2A91DB46BE9006311B5 /* FMDatabase.h */ = {isa = PBXFileReference; fileEncoding = 4; lastKnownFileType = sourcecode.c.h; path = FMDatabase.h; sourceTree = "<group>"; };
		8F8CA2AA1DB46BEA006311B5 /* FMDatabase.m */ = {isa = PBXFileReference; fileEncoding = 4; lastKnownFileType = sourcecode.c.objc; path = FMDatabase.m; sourceTree = "<group>"; };
		8F8CA2AB1DB46BEA006311B5 /* FMDatabaseAdditions.h */ = {isa = PBXFileReference; fileEncoding = 4; lastKnownFileType = sourcecode.c.h; path = FMDatabaseAdditions.h; sourceTree = "<group>"; };
		8F8CA2AC1DB46BEA006311B5 /* FMDatabaseAdditions.m */ = {isa = PBXFileReference; fileEncoding = 4; lastKnownFileType = sourcecode.c.objc; path = FMDatabaseAdditions.m; sourceTree = "<group>"; };
		8F8CA2AD1DB46BEA006311B5 /* FMDatabasePool.h */ = {isa = PBXFileReference; fileEncoding = 4; lastKnownFileType = sourcecode.c.h; path = FMDatabasePool.h; sourceTree = "<group>"; };
		8F8CA2AE1DB46BEA006311B5 /* FMDatabasePool.m */ = {isa = PBXFileReference; fileEncoding = 4; lastKnownFileType = sourcecode.c.objc; path = FMDatabasePool.m; sourceTree = "<group>"; };
		8F8CA2AF1DB46BEA006311B5 /* FMDatabaseQueue.h */ = {isa = PBXFileReference; fileEncoding = 4; lastKnownFileType = sourcecode.c.h; path = FMDatabaseQueue.h; sourceTree = "<group>"; };
		8F8CA2B01DB46BEA006311B5 /* FMDatabaseQueue.m */ = {isa = PBXFileReference; fileEncoding = 4; lastKnownFileType = sourcecode.c.objc; path = FMDatabaseQueue.m; sourceTree = "<group>"; };
		8F8CA2B11DB46BEA006311B5 /* FMDB.h */ = {isa = PBXFileReference; fileEncoding = 4; lastKnownFileType = sourcecode.c.h; path = FMDB.h; sourceTree = "<group>"; };
		8F8CA2B21DB46BEA006311B5 /* FMResultSet.h */ = {isa = PBXFileReference; fileEncoding = 4; lastKnownFileType = sourcecode.c.h; path = FMResultSet.h; sourceTree = "<group>"; };
		8F8CA2B31DB46BEA006311B5 /* FMResultSet.m */ = {isa = PBXFileReference; fileEncoding = 4; lastKnownFileType = sourcecode.c.objc; path = FMResultSet.m; sourceTree = "<group>"; };
		8F8CA2BA1DB46F71006311B5 /* AFHTTPSessionManager.h */ = {isa = PBXFileReference; fileEncoding = 4; lastKnownFileType = sourcecode.c.h; path = AFHTTPSessionManager.h; sourceTree = "<group>"; };
		8F8CA2BB1DB46F71006311B5 /* AFHTTPSessionManager.m */ = {isa = PBXFileReference; fileEncoding = 4; lastKnownFileType = sourcecode.c.objc; path = AFHTTPSessionManager.m; sourceTree = "<group>"; };
		8F8CA2BC1DB46F71006311B5 /* AFNetworking.h */ = {isa = PBXFileReference; fileEncoding = 4; lastKnownFileType = sourcecode.c.h; path = AFNetworking.h; sourceTree = "<group>"; };
		8F8CA2BD1DB46F71006311B5 /* AFNetworkReachabilityManager.h */ = {isa = PBXFileReference; fileEncoding = 4; lastKnownFileType = sourcecode.c.h; path = AFNetworkReachabilityManager.h; sourceTree = "<group>"; };
		8F8CA2BE1DB46F71006311B5 /* AFNetworkReachabilityManager.m */ = {isa = PBXFileReference; fileEncoding = 4; lastKnownFileType = sourcecode.c.objc; path = AFNetworkReachabilityManager.m; sourceTree = "<group>"; };
		8F8CA2BF1DB46F71006311B5 /* AFSecurityPolicy.h */ = {isa = PBXFileReference; fileEncoding = 4; lastKnownFileType = sourcecode.c.h; path = AFSecurityPolicy.h; sourceTree = "<group>"; };
		8F8CA2C01DB46F71006311B5 /* AFSecurityPolicy.m */ = {isa = PBXFileReference; fileEncoding = 4; lastKnownFileType = sourcecode.c.objc; path = AFSecurityPolicy.m; sourceTree = "<group>"; };
		8F8CA2C11DB46F71006311B5 /* AFURLRequestSerialization.h */ = {isa = PBXFileReference; fileEncoding = 4; lastKnownFileType = sourcecode.c.h; path = AFURLRequestSerialization.h; sourceTree = "<group>"; };
		8F8CA2C21DB46F71006311B5 /* AFURLRequestSerialization.m */ = {isa = PBXFileReference; fileEncoding = 4; lastKnownFileType = sourcecode.c.objc; path = AFURLRequestSerialization.m; sourceTree = "<group>"; };
		8F8CA2C31DB46F71006311B5 /* AFURLResponseSerialization.h */ = {isa = PBXFileReference; fileEncoding = 4; lastKnownFileType = sourcecode.c.h; path = AFURLResponseSerialization.h; sourceTree = "<group>"; };
		8F8CA2C41DB46F71006311B5 /* AFURLResponseSerialization.m */ = {isa = PBXFileReference; fileEncoding = 4; lastKnownFileType = sourcecode.c.objc; path = AFURLResponseSerialization.m; sourceTree = "<group>"; };
		8F8CA2C51DB46F71006311B5 /* AFURLSessionManager.h */ = {isa = PBXFileReference; fileEncoding = 4; lastKnownFileType = sourcecode.c.h; path = AFURLSessionManager.h; sourceTree = "<group>"; };
		8F8CA2C61DB46F71006311B5 /* AFURLSessionManager.m */ = {isa = PBXFileReference; fileEncoding = 4; lastKnownFileType = sourcecode.c.objc; path = AFURLSessionManager.m; sourceTree = "<group>"; };
		8F8CA2C81DB46F71006311B5 /* AFAutoPurgingImageCache.h */ = {isa = PBXFileReference; fileEncoding = 4; lastKnownFileType = sourcecode.c.h; path = AFAutoPurgingImageCache.h; sourceTree = "<group>"; };
		8F8CA2C91DB46F71006311B5 /* AFAutoPurgingImageCache.m */ = {isa = PBXFileReference; fileEncoding = 4; lastKnownFileType = sourcecode.c.objc; path = AFAutoPurgingImageCache.m; sourceTree = "<group>"; };
		8F8CA2CA1DB46F71006311B5 /* AFImageDownloader.h */ = {isa = PBXFileReference; fileEncoding = 4; lastKnownFileType = sourcecode.c.h; path = AFImageDownloader.h; sourceTree = "<group>"; };
		8F8CA2CB1DB46F71006311B5 /* AFImageDownloader.m */ = {isa = PBXFileReference; fileEncoding = 4; lastKnownFileType = sourcecode.c.objc; path = AFImageDownloader.m; sourceTree = "<group>"; };
		8F8CA2CC1DB46F71006311B5 /* AFNetworkActivityIndicatorManager.h */ = {isa = PBXFileReference; fileEncoding = 4; lastKnownFileType = sourcecode.c.h; path = AFNetworkActivityIndicatorManager.h; sourceTree = "<group>"; };
		8F8CA2CD1DB46F71006311B5 /* AFNetworkActivityIndicatorManager.m */ = {isa = PBXFileReference; fileEncoding = 4; lastKnownFileType = sourcecode.c.objc; path = AFNetworkActivityIndicatorManager.m; sourceTree = "<group>"; };
		8F8CA2CE1DB46F71006311B5 /* UIActivityIndicatorView+AFNetworking.h */ = {isa = PBXFileReference; fileEncoding = 4; lastKnownFileType = sourcecode.c.h; path = "UIActivityIndicatorView+AFNetworking.h"; sourceTree = "<group>"; };
		8F8CA2CF1DB46F71006311B5 /* UIActivityIndicatorView+AFNetworking.m */ = {isa = PBXFileReference; fileEncoding = 4; lastKnownFileType = sourcecode.c.objc; path = "UIActivityIndicatorView+AFNetworking.m"; sourceTree = "<group>"; };
		8F8CA2D01DB46F71006311B5 /* UIButton+AFNetworking.h */ = {isa = PBXFileReference; fileEncoding = 4; lastKnownFileType = sourcecode.c.h; path = "UIButton+AFNetworking.h"; sourceTree = "<group>"; };
		8F8CA2D11DB46F71006311B5 /* UIButton+AFNetworking.m */ = {isa = PBXFileReference; fileEncoding = 4; lastKnownFileType = sourcecode.c.objc; path = "UIButton+AFNetworking.m"; sourceTree = "<group>"; };
		8F8CA2D21DB46F71006311B5 /* UIImage+AFNetworking.h */ = {isa = PBXFileReference; fileEncoding = 4; lastKnownFileType = sourcecode.c.h; path = "UIImage+AFNetworking.h"; sourceTree = "<group>"; };
		8F8CA2D31DB46F71006311B5 /* UIImageView+AFNetworking.h */ = {isa = PBXFileReference; fileEncoding = 4; lastKnownFileType = sourcecode.c.h; path = "UIImageView+AFNetworking.h"; sourceTree = "<group>"; };
		8F8CA2D41DB46F71006311B5 /* UIImageView+AFNetworking.m */ = {isa = PBXFileReference; fileEncoding = 4; lastKnownFileType = sourcecode.c.objc; path = "UIImageView+AFNetworking.m"; sourceTree = "<group>"; };
		8F8CA2D51DB46F71006311B5 /* UIKit+AFNetworking.h */ = {isa = PBXFileReference; fileEncoding = 4; lastKnownFileType = sourcecode.c.h; path = "UIKit+AFNetworking.h"; sourceTree = "<group>"; };
		8F8CA2D61DB46F71006311B5 /* UIProgressView+AFNetworking.h */ = {isa = PBXFileReference; fileEncoding = 4; lastKnownFileType = sourcecode.c.h; path = "UIProgressView+AFNetworking.h"; sourceTree = "<group>"; };
		8F8CA2D71DB46F71006311B5 /* UIProgressView+AFNetworking.m */ = {isa = PBXFileReference; fileEncoding = 4; lastKnownFileType = sourcecode.c.objc; path = "UIProgressView+AFNetworking.m"; sourceTree = "<group>"; };
		8F8CA2D81DB46F71006311B5 /* UIRefreshControl+AFNetworking.h */ = {isa = PBXFileReference; fileEncoding = 4; lastKnownFileType = sourcecode.c.h; path = "UIRefreshControl+AFNetworking.h"; sourceTree = "<group>"; };
		8F8CA2D91DB46F71006311B5 /* UIRefreshControl+AFNetworking.m */ = {isa = PBXFileReference; fileEncoding = 4; lastKnownFileType = sourcecode.c.objc; path = "UIRefreshControl+AFNetworking.m"; sourceTree = "<group>"; };
		8F8CA2DA1DB46F71006311B5 /* UIWebView+AFNetworking.h */ = {isa = PBXFileReference; fileEncoding = 4; lastKnownFileType = sourcecode.c.h; path = "UIWebView+AFNetworking.h"; sourceTree = "<group>"; };
		8F8CA2DB1DB46F71006311B5 /* UIWebView+AFNetworking.m */ = {isa = PBXFileReference; fileEncoding = 4; lastKnownFileType = sourcecode.c.objc; path = "UIWebView+AFNetworking.m"; sourceTree = "<group>"; };
/* End PBXFileReference section */

/* Begin PBXFrameworksBuildPhase section */
		8F66E9BB1DAF728C009ED01D /* Frameworks */ = {
			isa = PBXFrameworksBuildPhase;
			buildActionMask = 2147483647;
			files = (
			);
			runOnlyForDeploymentPostprocessing = 0;
		};
		8F66E9D41DAF728D009ED01D /* Frameworks */ = {
			isa = PBXFrameworksBuildPhase;
			buildActionMask = 2147483647;
			files = (
			);
			runOnlyForDeploymentPostprocessing = 0;
		};
		8F66E9DF1DAF728D009ED01D /* Frameworks */ = {
			isa = PBXFrameworksBuildPhase;
			buildActionMask = 2147483647;
			files = (
			);
			runOnlyForDeploymentPostprocessing = 0;
		};
/* End PBXFrameworksBuildPhase section */

/* Begin PBXGroup section */
		8F576A1B1DB4CAE60034220B /* MJRefresh */ = {
			isa = PBXGroup;
			children = (
				8F576A1C1DB4CAE60034220B /* MJRefresh.bundle */,
				8F576A1D1DB4CAE60034220B /* MJRefresh.h */,
				8F576A1E1DB4CAE60034220B /* MJRefreshAutoFooter.h */,
				8F576A1F1DB4CAE60034220B /* MJRefreshAutoFooter.m */,
				8F576A201DB4CAE60034220B /* MJRefreshAutoGifFooter.h */,
				8F576A211DB4CAE60034220B /* MJRefreshAutoGifFooter.m */,
				8F576A221DB4CAE60034220B /* MJRefreshAutoNormalFooter.h */,
				8F576A231DB4CAE60034220B /* MJRefreshAutoNormalFooter.m */,
				8F576A241DB4CAE60034220B /* MJRefreshAutoStateFooter.h */,
				8F576A251DB4CAE60034220B /* MJRefreshAutoStateFooter.m */,
				8F576A261DB4CAE60034220B /* MJRefreshBackFooter.h */,
				8F576A271DB4CAE60034220B /* MJRefreshBackFooter.m */,
				8F576A281DB4CAE60034220B /* MJRefreshBackGifFooter.h */,
				8F576A291DB4CAE60034220B /* MJRefreshBackGifFooter.m */,
				8F576A2A1DB4CAE60034220B /* MJRefreshBackNormalFooter.h */,
				8F576A2B1DB4CAE60034220B /* MJRefreshBackNormalFooter.m */,
				8F576A2C1DB4CAE60034220B /* MJRefreshBackStateFooter.h */,
				8F576A2D1DB4CAE60034220B /* MJRefreshBackStateFooter.m */,
				8F576A2E1DB4CAE60034220B /* MJRefreshComponent.h */,
				8F576A2F1DB4CAE60034220B /* MJRefreshComponent.m */,
				8F576A301DB4CAE60034220B /* MJRefreshConst.h */,
				8F576A311DB4CAE60034220B /* MJRefreshConst.m */,
				8F576A321DB4CAE60034220B /* MJRefreshFooter.h */,
				8F576A331DB4CAE60034220B /* MJRefreshFooter.m */,
				8F576A341DB4CAE60034220B /* MJRefreshGifHeader.h */,
				8F576A351DB4CAE60034220B /* MJRefreshGifHeader.m */,
				8F576A361DB4CAE60034220B /* MJRefreshHeader.h */,
				8F576A371DB4CAE60034220B /* MJRefreshHeader.m */,
				8F576A381DB4CAE60034220B /* MJRefreshNormalHeader.h */,
				8F576A391DB4CAE60034220B /* MJRefreshNormalHeader.m */,
				8F576A3A1DB4CAE60034220B /* MJRefreshStateHeader.h */,
				8F576A3B1DB4CAE60034220B /* MJRefreshStateHeader.m */,
				8F576A3C1DB4CAE60034220B /* UIScrollView+MJExtension.h */,
				8F576A3D1DB4CAE60034220B /* UIScrollView+MJExtension.m */,
				8F576A3E1DB4CAE60034220B /* UIScrollView+MJRefresh.h */,
				8F576A3F1DB4CAE60034220B /* UIScrollView+MJRefresh.m */,
				8F576A401DB4CAE60034220B /* UIView+MJExtension.h */,
				8F576A411DB4CAE60034220B /* UIView+MJExtension.m */,
			);
			path = MJRefresh;
			sourceTree = "<group>";
		};
		8F66E9B51DAF728C009ED01D = {
			isa = PBXGroup;
			children = (
				8F66E9C01DAF728C009ED01D /* LearnSummarize */,
				8F66E9DA1DAF728D009ED01D /* LearnSummarizeTests */,
				8F66E9E51DAF728D009ED01D /* LearnSummarizeUITests */,
				8F66E9BF1DAF728C009ED01D /* Products */,
			);
			sourceTree = "<group>";
		};
		8F66E9BF1DAF728C009ED01D /* Products */ = {
			isa = PBXGroup;
			children = (
				8F66E9BE1DAF728C009ED01D /* LearnSummarize.app */,
				8F66E9D71DAF728D009ED01D /* LearnSummarizeTests.xctest */,
				8F66E9E21DAF728D009ED01D /* LearnSummarizeUITests.xctest */,
			);
			name = Products;
			sourceTree = "<group>";
		};
		8F66E9C01DAF728C009ED01D /* LearnSummarize */ = {
			isa = PBXGroup;
			children = (
				8F66E9C41DAF728C009ED01D /* AppDelegate.h */,
				8F66E9C51DAF728C009ED01D /* AppDelegate.m */,
				8F66E9C71DAF728C009ED01D /* ViewController.h */,
				8F66E9C81DAF728C009ED01D /* ViewController.m */,
				8F66E9CA1DAF728C009ED01D /* Main.storyboard */,
				8F66E9CD1DAF728C009ED01D /* Assets.xcassets */,
				8F66E9CF1DAF728C009ED01D /* LaunchScreen.storyboard */,
				8F66E9D21DAF728C009ED01D /* Info.plist */,
				8F8CA2A71DB46BE9006311B5 /* Vendor */,
				8F66E9C11DAF728C009ED01D /* Supporting Files */,
			);
			path = LearnSummarize;
			sourceTree = "<group>";
		};
		8F66E9C11DAF728C009ED01D /* Supporting Files */ = {
			isa = PBXGroup;
			children = (
				8F66E9C21DAF728C009ED01D /* main.m */,
			);
			name = "Supporting Files";
			sourceTree = "<group>";
		};
		8F66E9DA1DAF728D009ED01D /* LearnSummarizeTests */ = {
			isa = PBXGroup;
			children = (
				8F66E9DB1DAF728D009ED01D /* LearnSummarizeTests.m */,
				8F66E9DD1DAF728D009ED01D /* Info.plist */,
			);
			path = LearnSummarizeTests;
			sourceTree = "<group>";
		};
		8F66E9E51DAF728D009ED01D /* LearnSummarizeUITests */ = {
			isa = PBXGroup;
			children = (
				8F66E9E61DAF728D009ED01D /* LearnSummarizeUITests.m */,
				8F66E9E81DAF728D009ED01D /* Info.plist */,
			);
			path = LearnSummarizeUITests;
			sourceTree = "<group>";
		};
		8F8CA2A71DB46BE9006311B5 /* Vendor */ = {
			isa = PBXGroup;
			children = (
				8F576A1B1DB4CAE60034220B /* MJRefresh */,
				8F8CA2B91DB46F71006311B5 /* AFNetworking */,
				8F8CA2C71DB46F71006311B5 /* UIKit+AFNetworking */,
				8F8CA2A81DB46BE9006311B5 /* FMDB */,
			);
			path = Vendor;
			sourceTree = "<group>";
		};
		8F8CA2A81DB46BE9006311B5 /* FMDB */ = {
			isa = PBXGroup;
			children = (
				8F8CA2A91DB46BE9006311B5 /* FMDatabase.h */,
				8F8CA2AA1DB46BEA006311B5 /* FMDatabase.m */,
				8F8CA2AB1DB46BEA006311B5 /* FMDatabaseAdditions.h */,
				8F8CA2AC1DB46BEA006311B5 /* FMDatabaseAdditions.m */,
				8F8CA2AD1DB46BEA006311B5 /* FMDatabasePool.h */,
				8F8CA2AE1DB46BEA006311B5 /* FMDatabasePool.m */,
				8F8CA2AF1DB46BEA006311B5 /* FMDatabaseQueue.h */,
				8F8CA2B01DB46BEA006311B5 /* FMDatabaseQueue.m */,
				8F8CA2B11DB46BEA006311B5 /* FMDB.h */,
				8F8CA2B21DB46BEA006311B5 /* FMResultSet.h */,
				8F8CA2B31DB46BEA006311B5 /* FMResultSet.m */,
			);
			path = FMDB;
			sourceTree = "<group>";
		};
		8F8CA2B91DB46F71006311B5 /* AFNetworking */ = {
			isa = PBXGroup;
			children = (
				8F8CA2BA1DB46F71006311B5 /* AFHTTPSessionManager.h */,
				8F8CA2BB1DB46F71006311B5 /* AFHTTPSessionManager.m */,
				8F8CA2BC1DB46F71006311B5 /* AFNetworking.h */,
				8F8CA2BD1DB46F71006311B5 /* AFNetworkReachabilityManager.h */,
				8F8CA2BE1DB46F71006311B5 /* AFNetworkReachabilityManager.m */,
				8F8CA2BF1DB46F71006311B5 /* AFSecurityPolicy.h */,
				8F8CA2C01DB46F71006311B5 /* AFSecurityPolicy.m */,
				8F8CA2C11DB46F71006311B5 /* AFURLRequestSerialization.h */,
				8F8CA2C21DB46F71006311B5 /* AFURLRequestSerialization.m */,
				8F8CA2C31DB46F71006311B5 /* AFURLResponseSerialization.h */,
				8F8CA2C41DB46F71006311B5 /* AFURLResponseSerialization.m */,
				8F8CA2C51DB46F71006311B5 /* AFURLSessionManager.h */,
				8F8CA2C61DB46F71006311B5 /* AFURLSessionManager.m */,
			);
			path = AFNetworking;
			sourceTree = "<group>";
		};
		8F8CA2C71DB46F71006311B5 /* UIKit+AFNetworking */ = {
			isa = PBXGroup;
			children = (
				8F8CA2C81DB46F71006311B5 /* AFAutoPurgingImageCache.h */,
				8F8CA2C91DB46F71006311B5 /* AFAutoPurgingImageCache.m */,
				8F8CA2CA1DB46F71006311B5 /* AFImageDownloader.h */,
				8F8CA2CB1DB46F71006311B5 /* AFImageDownloader.m */,
				8F8CA2CC1DB46F71006311B5 /* AFNetworkActivityIndicatorManager.h */,
				8F8CA2CD1DB46F71006311B5 /* AFNetworkActivityIndicatorManager.m */,
				8F8CA2CE1DB46F71006311B5 /* UIActivityIndicatorView+AFNetworking.h */,
				8F8CA2CF1DB46F71006311B5 /* UIActivityIndicatorView+AFNetworking.m */,
				8F8CA2D01DB46F71006311B5 /* UIButton+AFNetworking.h */,
				8F8CA2D11DB46F71006311B5 /* UIButton+AFNetworking.m */,
				8F8CA2D21DB46F71006311B5 /* UIImage+AFNetworking.h */,
				8F8CA2D31DB46F71006311B5 /* UIImageView+AFNetworking.h */,
				8F8CA2D41DB46F71006311B5 /* UIImageView+AFNetworking.m */,
				8F8CA2D51DB46F71006311B5 /* UIKit+AFNetworking.h */,
				8F8CA2D61DB46F71006311B5 /* UIProgressView+AFNetworking.h */,
				8F8CA2D71DB46F71006311B5 /* UIProgressView+AFNetworking.m */,
				8F8CA2D81DB46F71006311B5 /* UIRefreshControl+AFNetworking.h */,
				8F8CA2D91DB46F71006311B5 /* UIRefreshControl+AFNetworking.m */,
				8F8CA2DA1DB46F71006311B5 /* UIWebView+AFNetworking.h */,
				8F8CA2DB1DB46F71006311B5 /* UIWebView+AFNetworking.m */,
			);
			path = "UIKit+AFNetworking";
			sourceTree = "<group>";
		};
/* End PBXGroup section */

/* Begin PBXNativeTarget section */
		8F66E9BD1DAF728C009ED01D /* LearnSummarize */ = {
			isa = PBXNativeTarget;
			buildConfigurationList = 8F66E9EB1DAF728D009ED01D /* Build configuration list for PBXNativeTarget "LearnSummarize" */;
			buildPhases = (
				8F66E9BA1DAF728C009ED01D /* Sources */,
				8F66E9BB1DAF728C009ED01D /* Frameworks */,
				8F66E9BC1DAF728C009ED01D /* Resources */,
			);
			buildRules = (
			);
			dependencies = (
			);
			name = LearnSummarize;
			productName = LearnSummarize;
			productReference = 8F66E9BE1DAF728C009ED01D /* LearnSummarize.app */;
			productType = "com.apple.product-type.application";
		};
		8F66E9D61DAF728D009ED01D /* LearnSummarizeTests */ = {
			isa = PBXNativeTarget;
			buildConfigurationList = 8F66E9EE1DAF728D009ED01D /* Build configuration list for PBXNativeTarget "LearnSummarizeTests" */;
			buildPhases = (
				8F66E9D31DAF728D009ED01D /* Sources */,
				8F66E9D41DAF728D009ED01D /* Frameworks */,
				8F66E9D51DAF728D009ED01D /* Resources */,
			);
			buildRules = (
			);
			dependencies = (
				8F66E9D91DAF728D009ED01D /* PBXTargetDependency */,
			);
			name = LearnSummarizeTests;
			productName = LearnSummarizeTests;
			productReference = 8F66E9D71DAF728D009ED01D /* LearnSummarizeTests.xctest */;
			productType = "com.apple.product-type.bundle.unit-test";
		};
		8F66E9E11DAF728D009ED01D /* LearnSummarizeUITests */ = {
			isa = PBXNativeTarget;
			buildConfigurationList = 8F66E9F11DAF728D009ED01D /* Build configuration list for PBXNativeTarget "LearnSummarizeUITests" */;
			buildPhases = (
				8F66E9DE1DAF728D009ED01D /* Sources */,
				8F66E9DF1DAF728D009ED01D /* Frameworks */,
				8F66E9E01DAF728D009ED01D /* Resources */,
			);
			buildRules = (
			);
			dependencies = (
				8F66E9E41DAF728D009ED01D /* PBXTargetDependency */,
			);
			name = LearnSummarizeUITests;
			productName = LearnSummarizeUITests;
			productReference = 8F66E9E21DAF728D009ED01D /* LearnSummarizeUITests.xctest */;
			productType = "com.apple.product-type.bundle.ui-testing";
		};
/* End PBXNativeTarget section */

/* Begin PBXProject section */
		8F66E9B61DAF728C009ED01D /* Project object */ = {
			isa = PBXProject;
			attributes = {
				LastUpgradeCheck = 0800;
				ORGANIZATIONNAME = chenshun;
				TargetAttributes = {
					8F66E9BD1DAF728C009ED01D = {
						CreatedOnToolsVersion = 8.0;
						ProvisioningStyle = Automatic;
					};
					8F66E9D61DAF728D009ED01D = {
						CreatedOnToolsVersion = 8.0;
						ProvisioningStyle = Automatic;
						TestTargetID = 8F66E9BD1DAF728C009ED01D;
					};
					8F66E9E11DAF728D009ED01D = {
						CreatedOnToolsVersion = 8.0;
						ProvisioningStyle = Automatic;
						TestTargetID = 8F66E9BD1DAF728C009ED01D;
					};
				};
			};
			buildConfigurationList = 8F66E9B91DAF728C009ED01D /* Build configuration list for PBXProject "LearnSummarize" */;
			compatibilityVersion = "Xcode 3.2";
			developmentRegion = English;
			hasScannedForEncodings = 0;
			knownRegions = (
				en,
				Base,
			);
			mainGroup = 8F66E9B51DAF728C009ED01D;
			productRefGroup = 8F66E9BF1DAF728C009ED01D /* Products */;
			projectDirPath = "";
			projectRoot = "";
			targets = (
				8F66E9BD1DAF728C009ED01D /* LearnSummarize */,
				8F66E9D61DAF728D009ED01D /* LearnSummarizeTests */,
				8F66E9E11DAF728D009ED01D /* LearnSummarizeUITests */,
			);
		};
/* End PBXProject section */

/* Begin PBXResourcesBuildPhase section */
		8F66E9BC1DAF728C009ED01D /* Resources */ = {
			isa = PBXResourcesBuildPhase;
			buildActionMask = 2147483647;
			files = (
				8F66E9D11DAF728C009ED01D /* LaunchScreen.storyboard in Resources */,
				8F66E9CE1DAF728C009ED01D /* Assets.xcassets in Resources */,
				8F576A421DB4CAE60034220B /* MJRefresh.bundle in Resources */,
				8F66E9CC1DAF728C009ED01D /* Main.storyboard in Resources */,
			);
			runOnlyForDeploymentPostprocessing = 0;
		};
		8F66E9D51DAF728D009ED01D /* Resources */ = {
			isa = PBXResourcesBuildPhase;
			buildActionMask = 2147483647;
			files = (
			);
			runOnlyForDeploymentPostprocessing = 0;
		};
		8F66E9E01DAF728D009ED01D /* Resources */ = {
			isa = PBXResourcesBuildPhase;
			buildActionMask = 2147483647;
			files = (
			);
			runOnlyForDeploymentPostprocessing = 0;
		};
/* End PBXResourcesBuildPhase section */

/* Begin PBXSourcesBuildPhase section */
		8F66E9BA1DAF728C009ED01D /* Sources */ = {
			isa = PBXSourcesBuildPhase;
			buildActionMask = 2147483647;
			files = (
				8F8CA2E21DB46F71006311B5 /* AFAutoPurgingImageCache.m in Sources */,
				8F576A511DB4CAE60034220B /* MJRefreshStateHeader.m in Sources */,
				8F66E9C91DAF728C009ED01D /* ViewController.m in Sources */,
				8F8CA2B61DB46BEA006311B5 /* FMDatabasePool.m in Sources */,
				8F576A4E1DB4CAE60034220B /* MJRefreshGifHeader.m in Sources */,
				8F8CA2DD1DB46F71006311B5 /* AFNetworkReachabilityManager.m in Sources */,
				8F8CA2E11DB46F71006311B5 /* AFURLSessionManager.m in Sources */,
				8F8CA2DF1DB46F71006311B5 /* AFURLRequestSerialization.m in Sources */,
				8F8CA2E51DB46F71006311B5 /* UIActivityIndicatorView+AFNetworking.m in Sources */,
				8F576A4D1DB4CAE60034220B /* MJRefreshFooter.m in Sources */,
				8F576A441DB4CAE60034220B /* MJRefreshAutoGifFooter.m in Sources */,
				8F576A4C1DB4CAE60034220B /* MJRefreshConst.m in Sources */,
				8F576A541DB4CAE60034220B /* UIView+MJExtension.m in Sources */,
				8F576A4B1DB4CAE60034220B /* MJRefreshComponent.m in Sources */,
				8F8CA2E81DB46F71006311B5 /* UIProgressView+AFNetworking.m in Sources */,
				8F66E9C61DAF728C009ED01D /* AppDelegate.m in Sources */,
				8F576A481DB4CAE60034220B /* MJRefreshBackGifFooter.m in Sources */,
				8F8CA2E41DB46F71006311B5 /* AFNetworkActivityIndicatorManager.m in Sources */,
				8F8CA2E31DB46F71006311B5 /* AFImageDownloader.m in Sources */,
				8F8CA2E61DB46F71006311B5 /* UIButton+AFNetworking.m in Sources */,
				8F576A501DB4CAE60034220B /* MJRefreshNormalHeader.m in Sources */,
				8F8CA2E71DB46F71006311B5 /* UIImageView+AFNetworking.m in Sources */,
				8F576A491DB4CAE60034220B /* MJRefreshBackNormalFooter.m in Sources */,
				8F576A471DB4CAE60034220B /* MJRefreshBackFooter.m in Sources */,
				8F8CA2E01DB46F71006311B5 /* AFURLResponseSerialization.m in Sources */,
				8F8CA2DC1DB46F71006311B5 /* AFHTTPSessionManager.m in Sources */,
				8F8CA2B71DB46BEA006311B5 /* FMDatabaseQueue.m in Sources */,
				8F576A461DB4CAE60034220B /* MJRefreshAutoStateFooter.m in Sources */,
				8F576A521DB4CAE60034220B /* UIScrollView+MJExtension.m in Sources */,
				8F576A531DB4CAE60034220B /* UIScrollView+MJRefresh.m in Sources */,
				8F8CA2EA1DB46F71006311B5 /* UIWebView+AFNetworking.m in Sources */,
				8F66E9C31DAF728C009ED01D /* main.m in Sources */,
				8F576A451DB4CAE60034220B /* MJRefreshAutoNormalFooter.m in Sources */,
				8F576A4A1DB4CAE60034220B /* MJRefreshBackStateFooter.m in Sources */,
				8F8CA2B41DB46BEA006311B5 /* FMDatabase.m in Sources */,
				8F8CA2E91DB46F71006311B5 /* UIRefreshControl+AFNetworking.m in Sources */,
				8F576A4F1DB4CAE60034220B /* MJRefreshHeader.m in Sources */,
				8F8CA2B81DB46BEA006311B5 /* FMResultSet.m in Sources */,
				8F8CA2DE1DB46F71006311B5 /* AFSecurityPolicy.m in Sources */,
				8F576A431DB4CAE60034220B /* MJRefreshAutoFooter.m in Sources */,
				8F8CA2B51DB46BEA006311B5 /* FMDatabaseAdditions.m in Sources */,
			);
			runOnlyForDeploymentPostprocessing = 0;
		};
		8F66E9D31DAF728D009ED01D /* Sources */ = {
			isa = PBXSourcesBuildPhase;
			buildActionMask = 2147483647;
			files = (
				8F66E9DC1DAF728D009ED01D /* LearnSummarizeTests.m in Sources */,
			);
			runOnlyForDeploymentPostprocessing = 0;
		};
		8F66E9DE1DAF728D009ED01D /* Sources */ = {
			isa = PBXSourcesBuildPhase;
			buildActionMask = 2147483647;
			files = (
				8F66E9E71DAF728D009ED01D /* LearnSummarizeUITests.m in Sources */,
			);
			runOnlyForDeploymentPostprocessing = 0;
		};
/* End PBXSourcesBuildPhase section */

/* Begin PBXTargetDependency section */
		8F66E9D91DAF728D009ED01D /* PBXTargetDependency */ = {
			isa = PBXTargetDependency;
			target = 8F66E9BD1DAF728C009ED01D /* LearnSummarize */;
			targetProxy = 8F66E9D81DAF728D009ED01D /* PBXContainerItemProxy */;
		};
		8F66E9E41DAF728D009ED01D /* PBXTargetDependency */ = {
			isa = PBXTargetDependency;
			target = 8F66E9BD1DAF728C009ED01D /* LearnSummarize */;
			targetProxy = 8F66E9E31DAF728D009ED01D /* PBXContainerItemProxy */;
		};
/* End PBXTargetDependency section */

/* Begin PBXVariantGroup section */
		8F66E9CA1DAF728C009ED01D /* Main.storyboard */ = {
			isa = PBXVariantGroup;
			children = (
				8F66E9CB1DAF728C009ED01D /* Base */,
			);
			name = Main.storyboard;
			sourceTree = "<group>";
		};
		8F66E9CF1DAF728C009ED01D /* LaunchScreen.storyboard */ = {
			isa = PBXVariantGroup;
			children = (
				8F66E9D01DAF728C009ED01D /* Base */,
			);
			name = LaunchScreen.storyboard;
			sourceTree = "<group>";
		};
/* End PBXVariantGroup section */

/* Begin XCBuildConfiguration section */
		8F66E9E91DAF728D009ED01D /* Debug */ = {
			isa = XCBuildConfiguration;
			buildSettings = {
				ALWAYS_SEARCH_USER_PATHS = NO;
				CLANG_ANALYZER_NONNULL = YES;
				CLANG_CXX_LANGUAGE_STANDARD = "gnu++0x";
				CLANG_CXX_LIBRARY = "libc++";
				CLANG_ENABLE_MODULES = YES;
				CLANG_ENABLE_OBJC_ARC = YES;
				CLANG_WARN_BOOL_CONVERSION = YES;
				CLANG_WARN_CONSTANT_CONVERSION = YES;
				CLANG_WARN_DIRECT_OBJC_ISA_USAGE = YES_ERROR;
				CLANG_WARN_DOCUMENTATION_COMMENTS = YES;
				CLANG_WARN_EMPTY_BODY = YES;
				CLANG_WARN_ENUM_CONVERSION = YES;
				CLANG_WARN_INFINITE_RECURSION = YES;
				CLANG_WARN_INT_CONVERSION = YES;
				CLANG_WARN_OBJC_ROOT_CLASS = YES_ERROR;
				CLANG_WARN_SUSPICIOUS_MOVES = YES;
				CLANG_WARN_UNREACHABLE_CODE = YES;
				CLANG_WARN__DUPLICATE_METHOD_MATCH = YES;
				"CODE_SIGN_IDENTITY[sdk=iphoneos*]" = "iPhone Developer";
				COPY_PHASE_STRIP = NO;
				DEBUG_INFORMATION_FORMAT = dwarf;
				ENABLE_STRICT_OBJC_MSGSEND = YES;
				ENABLE_TESTABILITY = YES;
				GCC_C_LANGUAGE_STANDARD = gnu99;
				GCC_DYNAMIC_NO_PIC = NO;
				GCC_NO_COMMON_BLOCKS = YES;
				GCC_OPTIMIZATION_LEVEL = 0;
				GCC_PREPROCESSOR_DEFINITIONS = (
					"DEBUG=1",
					"$(inherited)",
				);
				GCC_WARN_64_TO_32_BIT_CONVERSION = YES;
				GCC_WARN_ABOUT_RETURN_TYPE = YES_ERROR;
				GCC_WARN_UNDECLARED_SELECTOR = YES;
				GCC_WARN_UNINITIALIZED_AUTOS = YES_AGGRESSIVE;
				GCC_WARN_UNUSED_FUNCTION = YES;
				GCC_WARN_UNUSED_VARIABLE = YES;
				IPHONEOS_DEPLOYMENT_TARGET = 10.0;
				MTL_ENABLE_DEBUG_INFO = YES;
				ONLY_ACTIVE_ARCH = YES;
				SDKROOT = iphoneos;
			};
			name = Debug;
		};
		8F66E9EA1DAF728D009ED01D /* Release */ = {
			isa = XCBuildConfiguration;
			buildSettings = {
				ALWAYS_SEARCH_USER_PATHS = NO;
				CLANG_ANALYZER_NONNULL = YES;
				CLANG_CXX_LANGUAGE_STANDARD = "gnu++0x";
				CLANG_CXX_LIBRARY = "libc++";
				CLANG_ENABLE_MODULES = YES;
				CLANG_ENABLE_OBJC_ARC = YES;
				CLANG_WARN_BOOL_CONVERSION = YES;
				CLANG_WARN_CONSTANT_CONVERSION = YES;
				CLANG_WARN_DIRECT_OBJC_ISA_USAGE = YES_ERROR;
				CLANG_WARN_DOCUMENTATION_COMMENTS = YES;
				CLANG_WARN_EMPTY_BODY = YES;
				CLANG_WARN_ENUM_CONVERSION = YES;
				CLANG_WARN_INFINITE_RECURSION = YES;
				CLANG_WARN_INT_CONVERSION = YES;
				CLANG_WARN_OBJC_ROOT_CLASS = YES_ERROR;
				CLANG_WARN_SUSPICIOUS_MOVES = YES;
				CLANG_WARN_UNREACHABLE_CODE = YES;
				CLANG_WARN__DUPLICATE_METHOD_MATCH = YES;
				"CODE_SIGN_IDENTITY[sdk=iphoneos*]" = "iPhone Developer";
				COPY_PHASE_STRIP = NO;
				DEBUG_INFORMATION_FORMAT = "dwarf-with-dsym";
				ENABLE_NS_ASSERTIONS = NO;
				ENABLE_STRICT_OBJC_MSGSEND = YES;
				GCC_C_LANGUAGE_STANDARD = gnu99;
				GCC_NO_COMMON_BLOCKS = YES;
				GCC_WARN_64_TO_32_BIT_CONVERSION = YES;
				GCC_WARN_ABOUT_RETURN_TYPE = YES_ERROR;
				GCC_WARN_UNDECLARED_SELECTOR = YES;
				GCC_WARN_UNINITIALIZED_AUTOS = YES_AGGRESSIVE;
				GCC_WARN_UNUSED_FUNCTION = YES;
				GCC_WARN_UNUSED_VARIABLE = YES;
				IPHONEOS_DEPLOYMENT_TARGET = 10.0;
				MTL_ENABLE_DEBUG_INFO = NO;
				SDKROOT = iphoneos;
				VALIDATE_PRODUCT = YES;
			};
			name = Release;
		};
		8F66E9EC1DAF728D009ED01D /* Debug */ = {
			isa = XCBuildConfiguration;
			buildSettings = {
				ASSETCATALOG_COMPILER_APPICON_NAME = AppIcon;
				INFOPLIST_FILE = LearnSummarize/Info.plist;
				LD_RUNPATH_SEARCH_PATHS = "$(inherited) @executable_path/Frameworks";
				PRODUCT_BUNDLE_IDENTIFIER = com.kingorient.LearnSummarize;
				PRODUCT_NAME = "$(TARGET_NAME)";
			};
			name = Debug;
		};
		8F66E9ED1DAF728D009ED01D /* Release */ = {
			isa = XCBuildConfiguration;
			buildSettings = {
				ASSETCATALOG_COMPILER_APPICON_NAME = AppIcon;
				INFOPLIST_FILE = LearnSummarize/Info.plist;
				LD_RUNPATH_SEARCH_PATHS = "$(inherited) @executable_path/Frameworks";
				PRODUCT_BUNDLE_IDENTIFIER = com.kingorient.LearnSummarize;
				PRODUCT_NAME = "$(TARGET_NAME)";
			};
			name = Release;
		};
		8F66E9EF1DAF728D009ED01D /* Debug */ = {
			isa = XCBuildConfiguration;
			buildSettings = {
				BUNDLE_LOADER = "$(TEST_HOST)";
				INFOPLIST_FILE = LearnSummarizeTests/Info.plist;
				LD_RUNPATH_SEARCH_PATHS = "$(inherited) @executable_path/Frameworks @loader_path/Frameworks";
				PRODUCT_BUNDLE_IDENTIFIER = com.kingorient.LearnSummarizeTests;
				PRODUCT_NAME = "$(TARGET_NAME)";
				TEST_HOST = "$(BUILT_PRODUCTS_DIR)/LearnSummarize.app/LearnSummarize";
			};
			name = Debug;
		};
		8F66E9F01DAF728D009ED01D /* Release */ = {
			isa = XCBuildConfiguration;
			buildSettings = {
				BUNDLE_LOADER = "$(TEST_HOST)";
				INFOPLIST_FILE = LearnSummarizeTests/Info.plist;
				LD_RUNPATH_SEARCH_PATHS = "$(inherited) @executable_path/Frameworks @loader_path/Frameworks";
				PRODUCT_BUNDLE_IDENTIFIER = com.kingorient.LearnSummarizeTests;
				PRODUCT_NAME = "$(TARGET_NAME)";
				TEST_HOST = "$(BUILT_PRODUCTS_DIR)/LearnSummarize.app/LearnSummarize";
			};
			name = Release;
		};
		8F66E9F21DAF728D009ED01D /* Debug */ = {
			isa = XCBuildConfiguration;
			buildSettings = {
				INFOPLIST_FILE = LearnSummarizeUITests/Info.plist;
				LD_RUNPATH_SEARCH_PATHS = "$(inherited) @executable_path/Frameworks @loader_path/Frameworks";
				PRODUCT_BUNDLE_IDENTIFIER = com.kingorient.LearnSummarizeUITests;
				PRODUCT_NAME = "$(TARGET_NAME)";
				TEST_TARGET_NAME = LearnSummarize;
			};
			name = Debug;
		};
		8F66E9F31DAF728D009ED01D /* Release */ = {
			isa = XCBuildConfiguration;
			buildSettings = {
				INFOPLIST_FILE = LearnSummarizeUITests/Info.plist;
				LD_RUNPATH_SEARCH_PATHS = "$(inherited) @executable_path/Frameworks @loader_path/Frameworks";
				PRODUCT_BUNDLE_IDENTIFIER = com.kingorient.LearnSummarizeUITests;
				PRODUCT_NAME = "$(TARGET_NAME)";
				TEST_TARGET_NAME = LearnSummarize;
			};
			name = Release;
		};
/* End XCBuildConfiguration section */

/* Begin XCConfigurationList section */
		8F66E9B91DAF728C009ED01D /* Build configuration list for PBXProject "LearnSummarize" */ = {
			isa = XCConfigurationList;
			buildConfigurations = (
				8F66E9E91DAF728D009ED01D /* Debug */,
				8F66E9EA1DAF728D009ED01D /* Release */,
			);
			defaultConfigurationIsVisible = 0;
			defaultConfigurationName = Release;
		};
		8F66E9EB1DAF728D009ED01D /* Build configuration list for PBXNativeTarget "LearnSummarize" */ = {
			isa = XCConfigurationList;
			buildConfigurations = (
				8F66E9EC1DAF728D009ED01D /* Debug */,
				8F66E9ED1DAF728D009ED01D /* Release */,
			);
			defaultConfigurationIsVisible = 0;
			defaultConfigurationName = Release;
		};
		8F66E9EE1DAF728D009ED01D /* Build configuration list for PBXNativeTarget "LearnSummarizeTests" */ = {
			isa = XCConfigurationList;
			buildConfigurations = (
				8F66E9EF1DAF728D009ED01D /* Debug */,
				8F66E9F01DAF728D009ED01D /* Release */,
			);
			defaultConfigurationIsVisible = 0;
			defaultConfigurationName = Release;
		};
		8F66E9F11DAF728D009ED01D /* Build configuration list for PBXNativeTarget "LearnSummarizeUITests" */ = {
			isa = XCConfigurationList;
			buildConfigurations = (
				8F66E9F21DAF728D009ED01D /* Debug */,
				8F66E9F31DAF728D009ED01D /* Release */,
			);
			defaultConfigurationIsVisible = 0;
			defaultConfigurationName = Release;
		};
/* End XCConfigurationList section */
	};
	rootObject = 8F66E9B61DAF728C009ED01D /* Project object */;
}
